// !$*UTF8*$!
{
	archiveVersion = 1;
	classes = {
	};
	objectVersion = 56;
	objects = {

/* Begin PBXBuildFile section */
		FF1A7DDD2BBD676F0020BA10 /* testTransform.scn in Resources */ = {isa = PBXBuildFile; fileRef = FF1A7DDC2BBD676F0020BA10 /* testTransform.scn */; };
		FF1A7DDF2BBD67960020BA10 /* skin3_tex0.png in Resources */ = {isa = PBXBuildFile; fileRef = FF1A7DDE2BBD67960020BA10 /* skin3_tex0.png */; };
		FF1A7DE12BC02C5B0020BA10 /* HapticRendering.swift in Sources */ = {isa = PBXBuildFile; fileRef = FF1A7DE02BC02C5B0020BA10 /* HapticRendering.swift */; };
		FF5C1C742BC6D00900C097E9 /* HapticChart.swift in Sources */ = {isa = PBXBuildFile; fileRef = FF5C1C732BC6D00900C097E9 /* HapticChart.swift */; };
		FF5C1C762BC6D0B000C097E9 /* HapticDataPoint.swift in Sources */ = {isa = PBXBuildFile; fileRef = FF5C1C752BC6D0B000C097E9 /* HapticDataPoint.swift */; };
		FFB13A812BAE183600A94673 /* AppDelegate.swift in Sources */ = {isa = PBXBuildFile; fileRef = FFB13A802BAE183600A94673 /* AppDelegate.swift */; };
		FFB13A832BAE183600A94673 /* SceneDelegate.swift in Sources */ = {isa = PBXBuildFile; fileRef = FFB13A822BAE183600A94673 /* SceneDelegate.swift */; };
		FFB13A852BAE183600A94673 /* ViewController.swift in Sources */ = {isa = PBXBuildFile; fileRef = FFB13A842BAE183600A94673 /* ViewController.swift */; };
		FFB13A882BAE183600A94673 /* Main.storyboard in Resources */ = {isa = PBXBuildFile; fileRef = FFB13A862BAE183600A94673 /* Main.storyboard */; };
		FFB13A8A2BAE183800A94673 /* Assets.xcassets in Resources */ = {isa = PBXBuildFile; fileRef = FFB13A892BAE183800A94673 /* Assets.xcassets */; };
		FFB13A8D2BAE183800A94673 /* LaunchScreen.storyboard in Resources */ = {isa = PBXBuildFile; fileRef = FFB13A8B2BAE183800A94673 /* LaunchScreen.storyboard */; };
		FFB13A982BAE183800A94673 /* DermaphoneTests.swift in Sources */ = {isa = PBXBuildFile; fileRef = FFB13A972BAE183800A94673 /* DermaphoneTests.swift */; };
		FFB13AA22BAE183800A94673 /* DermaphoneUITests.swift in Sources */ = {isa = PBXBuildFile; fileRef = FFB13AA12BAE183800A94673 /* DermaphoneUITests.swift */; };
		FFB13AA42BAE183800A94673 /* DermaphoneUITestsLaunchTests.swift in Sources */ = {isa = PBXBuildFile; fileRef = FFB13AA32BAE183800A94673 /* DermaphoneUITestsLaunchTests.swift */; };
		FFB13B2E2BAE1CE500A94673 /* baked_mesh_norm0.png in Resources */ = {isa = PBXBuildFile; fileRef = FFB13B282BAE1CE500A94673 /* baked_mesh_norm0.png */; };
		FFB13B2F2BAE1CE500A94673 /* baked_mesh.mtl in Resources */ = {isa = PBXBuildFile; fileRef = FFB13B292BAE1CE500A94673 /* baked_mesh.mtl */; };
		FFB13B302BAE1CE500A94673 /* baked_mesh_ao0.png in Resources */ = {isa = PBXBuildFile; fileRef = FFB13B2A2BAE1CE500A94673 /* baked_mesh_ao0.png */; };
		FFB13B312BAE1CE500A94673 /* baked_mesh_tex0.png in Resources */ = {isa = PBXBuildFile; fileRef = FFB13B2B2BAE1CE500A94673 /* baked_mesh_tex0.png */; };
		FFB13B322BAE1CE500A94673 /* baked_mesh.obj in Resources */ = {isa = PBXBuildFile; fileRef = FFB13B2C2BAE1CE500A94673 /* baked_mesh.obj */; };
		FFB13B332BAE1CE500A94673 /* baked_mesh.usda in Resources */ = {isa = PBXBuildFile; fileRef = FFB13B2D2BAE1CE500A94673 /* baked_mesh.usda */; };
		FFB13B3B2BAEF9D400A94673 /* baked_mesh.scn in Resources */ = {isa = PBXBuildFile; fileRef = FFB13B3A2BAEF9D400A94673 /* baked_mesh.scn */; };
		FFB13B3D2BAEFA3500A94673 /* baked_mesh.scn in Resources */ = {isa = PBXBuildFile; fileRef = FFB13B3C2BAEFA3500A94673 /* baked_mesh.scn */; };
		FFB13B412BAF034600A94673 /* testTexture.ahap in Resources */ = {isa = PBXBuildFile; fileRef = FFB13B402BAF034600A94673 /* testTexture.ahap */; };
		FFB13B432BB1D41500A94673 /* Haptics.swift in Sources */ = {isa = PBXBuildFile; fileRef = FFB13B422BB1D41500A94673 /* Haptics.swift */; };
/* End PBXBuildFile section */

/* Begin PBXContainerItemProxy section */
		FFB13A942BAE183800A94673 /* PBXContainerItemProxy */ = {
			isa = PBXContainerItemProxy;
			containerPortal = FFB13A752BAE183600A94673 /* Project object */;
			proxyType = 1;
			remoteGlobalIDString = FFB13A7C2BAE183600A94673;
			remoteInfo = Dermaphone;
		};
		FFB13A9E2BAE183800A94673 /* PBXContainerItemProxy */ = {
			isa = PBXContainerItemProxy;
			containerPortal = FFB13A752BAE183600A94673 /* Project object */;
			proxyType = 1;
			remoteGlobalIDString = FFB13A7C2BAE183600A94673;
			remoteInfo = Dermaphone;
		};
/* End PBXContainerItemProxy section */

/* Begin PBXFileReference section */
		FF1A7DDC2BBD676F0020BA10 /* testTransform.scn */ = {isa = PBXFileReference; lastKnownFileType = file.bplist; path = testTransform.scn; sourceTree = "<group>"; };
		FF1A7DDE2BBD67960020BA10 /* skin3_tex0.png */ = {isa = PBXFileReference; lastKnownFileType = image.png; path = skin3_tex0.png; sourceTree = "<group>"; };
		FF1A7DE02BC02C5B0020BA10 /* HapticRendering.swift */ = {isa = PBXFileReference; lastKnownFileType = sourcecode.swift; path = HapticRendering.swift; sourceTree = "<group>"; };
		FF5C1C732BC6D00900C097E9 /* HapticChart.swift */ = {isa = PBXFileReference; lastKnownFileType = sourcecode.swift; path = HapticChart.swift; sourceTree = "<group>"; };
		FF5C1C752BC6D0B000C097E9 /* HapticDataPoint.swift */ = {isa = PBXFileReference; lastKnownFileType = sourcecode.swift; path = HapticDataPoint.swift; sourceTree = "<group>"; };
		FFB13A7D2BAE183600A94673 /* Dermaphone.app */ = {isa = PBXFileReference; explicitFileType = wrapper.application; includeInIndex = 0; path = Dermaphone.app; sourceTree = BUILT_PRODUCTS_DIR; };
		FFB13A802BAE183600A94673 /* AppDelegate.swift */ = {isa = PBXFileReference; lastKnownFileType = sourcecode.swift; path = AppDelegate.swift; sourceTree = "<group>"; };
		FFB13A822BAE183600A94673 /* SceneDelegate.swift */ = {isa = PBXFileReference; lastKnownFileType = sourcecode.swift; path = SceneDelegate.swift; sourceTree = "<group>"; };
		FFB13A842BAE183600A94673 /* ViewController.swift */ = {isa = PBXFileReference; lastKnownFileType = sourcecode.swift; path = ViewController.swift; sourceTree = "<group>"; };
		FFB13A872BAE183600A94673 /* Base */ = {isa = PBXFileReference; lastKnownFileType = file.storyboard; name = Base; path = Base.lproj/Main.storyboard; sourceTree = "<group>"; };
		FFB13A892BAE183800A94673 /* Assets.xcassets */ = {isa = PBXFileReference; lastKnownFileType = folder.assetcatalog; path = Assets.xcassets; sourceTree = "<group>"; };
		FFB13A8C2BAE183800A94673 /* Base */ = {isa = PBXFileReference; lastKnownFileType = file.storyboard; name = Base; path = Base.lproj/LaunchScreen.storyboard; sourceTree = "<group>"; };
		FFB13A8E2BAE183800A94673 /* Info.plist */ = {isa = PBXFileReference; lastKnownFileType = text.plist.xml; path = Info.plist; sourceTree = "<group>"; };
		FFB13A932BAE183800A94673 /* DermaphoneTests.xctest */ = {isa = PBXFileReference; explicitFileType = wrapper.cfbundle; includeInIndex = 0; path = DermaphoneTests.xctest; sourceTree = BUILT_PRODUCTS_DIR; };
		FFB13A972BAE183800A94673 /* DermaphoneTests.swift */ = {isa = PBXFileReference; lastKnownFileType = sourcecode.swift; path = DermaphoneTests.swift; sourceTree = "<group>"; };
		FFB13A9D2BAE183800A94673 /* DermaphoneUITests.xctest */ = {isa = PBXFileReference; explicitFileType = wrapper.cfbundle; includeInIndex = 0; path = DermaphoneUITests.xctest; sourceTree = BUILT_PRODUCTS_DIR; };
		FFB13AA12BAE183800A94673 /* DermaphoneUITests.swift */ = {isa = PBXFileReference; lastKnownFileType = sourcecode.swift; path = DermaphoneUITests.swift; sourceTree = "<group>"; };
		FFB13AA32BAE183800A94673 /* DermaphoneUITestsLaunchTests.swift */ = {isa = PBXFileReference; lastKnownFileType = sourcecode.swift; path = DermaphoneUITestsLaunchTests.swift; sourceTree = "<group>"; };
		FFB13B282BAE1CE500A94673 /* baked_mesh_norm0.png */ = {isa = PBXFileReference; lastKnownFileType = image.png; path = baked_mesh_norm0.png; sourceTree = "<group>"; };
		FFB13B292BAE1CE500A94673 /* baked_mesh.mtl */ = {isa = PBXFileReference; fileEncoding = 4; lastKnownFileType = text; path = baked_mesh.mtl; sourceTree = "<group>"; };
		FFB13B2A2BAE1CE500A94673 /* baked_mesh_ao0.png */ = {isa = PBXFileReference; lastKnownFileType = image.png; path = baked_mesh_ao0.png; sourceTree = "<group>"; };
		FFB13B2B2BAE1CE500A94673 /* baked_mesh_tex0.png */ = {isa = PBXFileReference; lastKnownFileType = image.png; path = baked_mesh_tex0.png; sourceTree = "<group>"; };
		FFB13B2C2BAE1CE500A94673 /* baked_mesh.obj */ = {isa = PBXFileReference; fileEncoding = 4; lastKnownFileType = text; path = baked_mesh.obj; sourceTree = "<group>"; };
		FFB13B2D2BAE1CE500A94673 /* baked_mesh.usda */ = {isa = PBXFileReference; fileEncoding = 4; lastKnownFileType = text; path = baked_mesh.usda; sourceTree = "<group>"; };
		FFB13B3A2BAEF9D400A94673 /* baked_mesh.scn */ = {isa = PBXFileReference; lastKnownFileType = file.bplist; path = baked_mesh.scn; sourceTree = "<group>"; };
		FFB13B3C2BAEFA3500A94673 /* baked_mesh.scn */ = {isa = PBXFileReference; lastKnownFileType = file.bplist; path = baked_mesh.scn; sourceTree = "<group>"; };
		FFB13B402BAF034600A94673 /* testTexture.ahap */ = {isa = PBXFileReference; fileEncoding = 4; lastKnownFileType = text; name = testTexture.ahap; path = ../../FYPTestingTemp/FYPTestingTemp/testTexture.ahap; sourceTree = "<group>"; };
		FFB13B422BB1D41500A94673 /* Haptics.swift */ = {isa = PBXFileReference; lastKnownFileType = sourcecode.swift; path = Haptics.swift; sourceTree = "<group>"; };
/* End PBXFileReference section */

/* Begin PBXFrameworksBuildPhase section */
		FFB13A7A2BAE183600A94673 /* Frameworks */ = {
			isa = PBXFrameworksBuildPhase;
			buildActionMask = 2147483647;
			files = (
			);
			runOnlyForDeploymentPostprocessing = 0;
		};
		FFB13A902BAE183800A94673 /* Frameworks */ = {
			isa = PBXFrameworksBuildPhase;
			buildActionMask = 2147483647;
			files = (
			);
			runOnlyForDeploymentPostprocessing = 0;
		};
		FFB13A9A2BAE183800A94673 /* Frameworks */ = {
			isa = PBXFrameworksBuildPhase;
			buildActionMask = 2147483647;
			files = (
			);
			runOnlyForDeploymentPostprocessing = 0;
		};
/* End PBXFrameworksBuildPhase section */

/* Begin PBXGroup section */
		FFB13A742BAE183600A94673 = {
			isa = PBXGroup;
			children = (
				FFB13A7F2BAE183600A94673 /* Dermaphone */,
				FFB13A962BAE183800A94673 /* DermaphoneTests */,
				FFB13AA02BAE183800A94673 /* DermaphoneUITests */,
				FFB13A7E2BAE183600A94673 /* Products */,
			);
			sourceTree = "<group>";
		};
		FFB13A7E2BAE183600A94673 /* Products */ = {
			isa = PBXGroup;
			children = (
				FFB13A7D2BAE183600A94673 /* Dermaphone.app */,
				FFB13A932BAE183800A94673 /* DermaphoneTests.xctest */,
				FFB13A9D2BAE183800A94673 /* DermaphoneUITests.xctest */,
			);
			name = Products;
			sourceTree = "<group>";
		};
		FFB13A7F2BAE183600A94673 /* Dermaphone */ = {
			isa = PBXGroup;
			children = (
				FFB13A802BAE183600A94673 /* AppDelegate.swift */,
				FFB13A822BAE183600A94673 /* SceneDelegate.swift */,
				FFB13A842BAE183600A94673 /* ViewController.swift */,
				FF5C1C732BC6D00900C097E9 /* HapticChart.swift */,
				FF5C1C752BC6D0B000C097E9 /* HapticDataPoint.swift */,
				FF1A7DE02BC02C5B0020BA10 /* HapticRendering.swift */,
				FFB13B402BAF034600A94673 /* testTexture.ahap */,
				FFB13B422BB1D41500A94673 /* Haptics.swift */,
				FFB13B272BAE1CE500A94673 /* 3dmodeltest2 */,
				FFB13A862BAE183600A94673 /* Main.storyboard */,
				FF1A7DDC2BBD676F0020BA10 /* testTransform.scn */,
				FFB13A892BAE183800A94673 /* Assets.xcassets */,
				FF1A7DDE2BBD67960020BA10 /* skin3_tex0.png */,
				FFB13A8B2BAE183800A94673 /* LaunchScreen.storyboard */,
				FFB13A8E2BAE183800A94673 /* Info.plist */,
			);
			path = Dermaphone;
			sourceTree = "<group>";
		};
		FFB13A962BAE183800A94673 /* DermaphoneTests */ = {
			isa = PBXGroup;
			children = (
				FFB13A972BAE183800A94673 /* DermaphoneTests.swift */,
			);
			path = DermaphoneTests;
			sourceTree = "<group>";
		};
		FFB13AA02BAE183800A94673 /* DermaphoneUITests */ = {
			isa = PBXGroup;
			children = (
				FFB13AA12BAE183800A94673 /* DermaphoneUITests.swift */,
				FFB13AA32BAE183800A94673 /* DermaphoneUITestsLaunchTests.swift */,
			);
			path = DermaphoneUITests;
			sourceTree = "<group>";
		};
		FFB13B272BAE1CE500A94673 /* 3dmodeltest2 */ = {
			isa = PBXGroup;
			children = (
				FFB13B282BAE1CE500A94673 /* baked_mesh_norm0.png */,
				FFB13B292BAE1CE500A94673 /* baked_mesh.mtl */,
				FFB13B2A2BAE1CE500A94673 /* baked_mesh_ao0.png */,
				FFB13B2B2BAE1CE500A94673 /* baked_mesh_tex0.png */,
				FFB13B2C2BAE1CE500A94673 /* baked_mesh.obj */,
				FFB13B2D2BAE1CE500A94673 /* baked_mesh.usda */,
				FFB13B3C2BAEFA3500A94673 /* baked_mesh.scn */,
				FFB13B3A2BAEF9D400A94673 /* baked_mesh.scn */,
			);
			name = 3dmodeltest2;
			path = ../../3dmodeltest2;
			sourceTree = "<group>";
		};
/* End PBXGroup section */

/* Begin PBXNativeTarget section */
		FFB13A7C2BAE183600A94673 /* Dermaphone */ = {
			isa = PBXNativeTarget;
			buildConfigurationList = FFB13AA72BAE183800A94673 /* Build configuration list for PBXNativeTarget "Dermaphone" */;
			buildPhases = (
				FFB13A792BAE183600A94673 /* Sources */,
				FFB13A7A2BAE183600A94673 /* Frameworks */,
				FFB13A7B2BAE183600A94673 /* Resources */,
			);
			buildRules = (
			);
			dependencies = (
			);
			name = Dermaphone;
			productName = Dermaphone;
			productReference = FFB13A7D2BAE183600A94673 /* Dermaphone.app */;
			productType = "com.apple.product-type.application";
		};
		FFB13A922BAE183800A94673 /* DermaphoneTests */ = {
			isa = PBXNativeTarget;
			buildConfigurationList = FFB13AAA2BAE183800A94673 /* Build configuration list for PBXNativeTarget "DermaphoneTests" */;
			buildPhases = (
				FFB13A8F2BAE183800A94673 /* Sources */,
				FFB13A902BAE183800A94673 /* Frameworks */,
				FFB13A912BAE183800A94673 /* Resources */,
			);
			buildRules = (
			);
			dependencies = (
				FFB13A952BAE183800A94673 /* PBXTargetDependency */,
			);
			name = DermaphoneTests;
			productName = DermaphoneTests;
			productReference = FFB13A932BAE183800A94673 /* DermaphoneTests.xctest */;
			productType = "com.apple.product-type.bundle.unit-test";
		};
		FFB13A9C2BAE183800A94673 /* DermaphoneUITests */ = {
			isa = PBXNativeTarget;
			buildConfigurationList = FFB13AAD2BAE183800A94673 /* Build configuration list for PBXNativeTarget "DermaphoneUITests" */;
			buildPhases = (
				FFB13A992BAE183800A94673 /* Sources */,
				FFB13A9A2BAE183800A94673 /* Frameworks */,
				FFB13A9B2BAE183800A94673 /* Resources */,
			);
			buildRules = (
			);
			dependencies = (
				FFB13A9F2BAE183800A94673 /* PBXTargetDependency */,
			);
			name = DermaphoneUITests;
			productName = DermaphoneUITests;
			productReference = FFB13A9D2BAE183800A94673 /* DermaphoneUITests.xctest */;
			productType = "com.apple.product-type.bundle.ui-testing";
		};
/* End PBXNativeTarget section */

/* Begin PBXProject section */
		FFB13A752BAE183600A94673 /* Project object */ = {
			isa = PBXProject;
			attributes = {
				BuildIndependentTargetsInParallel = 1;
				LastSwiftUpdateCheck = 1520;
				LastUpgradeCheck = 1520;
				TargetAttributes = {
					FFB13A7C2BAE183600A94673 = {
						CreatedOnToolsVersion = 15.2;
					};
					FFB13A922BAE183800A94673 = {
						CreatedOnToolsVersion = 15.2;
						TestTargetID = FFB13A7C2BAE183600A94673;
					};
					FFB13A9C2BAE183800A94673 = {
						CreatedOnToolsVersion = 15.2;
						TestTargetID = FFB13A7C2BAE183600A94673;
					};
				};
			};
			buildConfigurationList = FFB13A782BAE183600A94673 /* Build configuration list for PBXProject "Dermaphone" */;
			compatibilityVersion = "Xcode 14.0";
			developmentRegion = en;
			hasScannedForEncodings = 0;
			knownRegions = (
				en,
				Base,
			);
			mainGroup = FFB13A742BAE183600A94673;
			productRefGroup = FFB13A7E2BAE183600A94673 /* Products */;
			projectDirPath = "";
			projectRoot = "";
			targets = (
				FFB13A7C2BAE183600A94673 /* Dermaphone */,
				FFB13A922BAE183800A94673 /* DermaphoneTests */,
				FFB13A9C2BAE183800A94673 /* DermaphoneUITests */,
			);
		};
/* End PBXProject section */

/* Begin PBXResourcesBuildPhase section */
		FFB13A7B2BAE183600A94673 /* Resources */ = {
			isa = PBXResourcesBuildPhase;
			buildActionMask = 2147483647;
			files = (
				FFB13A8D2BAE183800A94673 /* LaunchScreen.storyboard in Resources */,
				FFB13B2E2BAE1CE500A94673 /* baked_mesh_norm0.png in Resources */,
				FF1A7DDD2BBD676F0020BA10 /* testTransform.scn in Resources */,
				FFB13B322BAE1CE500A94673 /* baked_mesh.obj in Resources */,
				FFB13B3D2BAEFA3500A94673 /* baked_mesh.scn in Resources */,
				FFB13A8A2BAE183800A94673 /* Assets.xcassets in Resources */,
				FFB13B412BAF034600A94673 /* testTexture.ahap in Resources */,
				FFB13B2F2BAE1CE500A94673 /* baked_mesh.mtl in Resources */,
				FFB13B3B2BAEF9D400A94673 /* baked_mesh.scn in Resources */,
				FFB13B312BAE1CE500A94673 /* baked_mesh_tex0.png in Resources */,
				FFB13A882BAE183600A94673 /* Main.storyboard in Resources */,
				FF1A7DDF2BBD67960020BA10 /* skin3_tex0.png in Resources */,
				FFB13B302BAE1CE500A94673 /* baked_mesh_ao0.png in Resources */,
				FFB13B332BAE1CE500A94673 /* baked_mesh.usda in Resources */,
			);
			runOnlyForDeploymentPostprocessing = 0;
		};
		FFB13A912BAE183800A94673 /* Resources */ = {
			isa = PBXResourcesBuildPhase;
			buildActionMask = 2147483647;
			files = (
			);
			runOnlyForDeploymentPostprocessing = 0;
		};
		FFB13A9B2BAE183800A94673 /* Resources */ = {
			isa = PBXResourcesBuildPhase;
			buildActionMask = 2147483647;
			files = (
			);
			runOnlyForDeploymentPostprocessing = 0;
		};
/* End PBXResourcesBuildPhase section */

/* Begin PBXSourcesBuildPhase section */
		FFB13A792BAE183600A94673 /* Sources */ = {
			isa = PBXSourcesBuildPhase;
			buildActionMask = 2147483647;
			files = (
				FF1A7DE12BC02C5B0020BA10 /* HapticRendering.swift in Sources */,
				FFB13A852BAE183600A94673 /* ViewController.swift in Sources */,
				FFB13B432BB1D41500A94673 /* Haptics.swift in Sources */,
				FFB13A812BAE183600A94673 /* AppDelegate.swift in Sources */,
				FF5C1C762BC6D0B000C097E9 /* HapticDataPoint.swift in Sources */,
				FFB13A832BAE183600A94673 /* SceneDelegate.swift in Sources */,
				FF5C1C742BC6D00900C097E9 /* HapticChart.swift in Sources */,
			);
			runOnlyForDeploymentPostprocessing = 0;
		};
		FFB13A8F2BAE183800A94673 /* Sources */ = {
			isa = PBXSourcesBuildPhase;
			buildActionMask = 2147483647;
			files = (
				FFB13A982BAE183800A94673 /* DermaphoneTests.swift in Sources */,
			);
			runOnlyForDeploymentPostprocessing = 0;
		};
		FFB13A992BAE183800A94673 /* Sources */ = {
			isa = PBXSourcesBuildPhase;
			buildActionMask = 2147483647;
			files = (
				FFB13AA22BAE183800A94673 /* DermaphoneUITests.swift in Sources */,
				FFB13AA42BAE183800A94673 /* DermaphoneUITestsLaunchTests.swift in Sources */,
			);
			runOnlyForDeploymentPostprocessing = 0;
		};
/* End PBXSourcesBuildPhase section */

/* Begin PBXTargetDependency section */
		FFB13A952BAE183800A94673 /* PBXTargetDependency */ = {
			isa = PBXTargetDependency;
			target = FFB13A7C2BAE183600A94673 /* Dermaphone */;
			targetProxy = FFB13A942BAE183800A94673 /* PBXContainerItemProxy */;
		};
		FFB13A9F2BAE183800A94673 /* PBXTargetDependency */ = {
			isa = PBXTargetDependency;
			target = FFB13A7C2BAE183600A94673 /* Dermaphone */;
			targetProxy = FFB13A9E2BAE183800A94673 /* PBXContainerItemProxy */;
		};
/* End PBXTargetDependency section */

/* Begin PBXVariantGroup section */
		FFB13A862BAE183600A94673 /* Main.storyboard */ = {
			isa = PBXVariantGroup;
			children = (
				FFB13A872BAE183600A94673 /* Base */,
			);
			name = Main.storyboard;
			sourceTree = "<group>";
		};
		FFB13A8B2BAE183800A94673 /* LaunchScreen.storyboard */ = {
			isa = PBXVariantGroup;
			children = (
				FFB13A8C2BAE183800A94673 /* Base */,
			);
			name = LaunchScreen.storyboard;
			sourceTree = "<group>";
		};
/* End PBXVariantGroup section */

/* Begin XCBuildConfiguration section */
		FFB13AA52BAE183800A94673 /* Debug */ = {
			isa = XCBuildConfiguration;
			buildSettings = {
				ALWAYS_SEARCH_USER_PATHS = NO;
				ASSETCATALOG_COMPILER_GENERATE_SWIFT_ASSET_SYMBOL_EXTENSIONS = YES;
				CLANG_ANALYZER_NONNULL = YES;
				CLANG_ANALYZER_NUMBER_OBJECT_CONVERSION = YES_AGGRESSIVE;
				CLANG_CXX_LANGUAGE_STANDARD = "gnu++20";
				CLANG_ENABLE_MODULES = YES;
				CLANG_ENABLE_OBJC_ARC = YES;
				CLANG_ENABLE_OBJC_WEAK = YES;
				CLANG_WARN_BLOCK_CAPTURE_AUTORELEASING = YES;
				CLANG_WARN_BOOL_CONVERSION = YES;
				CLANG_WARN_COMMA = YES;
				CLANG_WARN_CONSTANT_CONVERSION = YES;
				CLANG_WARN_DEPRECATED_OBJC_IMPLEMENTATIONS = YES;
				CLANG_WARN_DIRECT_OBJC_ISA_USAGE = YES_ERROR;
				CLANG_WARN_DOCUMENTATION_COMMENTS = YES;
				CLANG_WARN_EMPTY_BODY = YES;
				CLANG_WARN_ENUM_CONVERSION = YES;
				CLANG_WARN_INFINITE_RECURSION = YES;
				CLANG_WARN_INT_CONVERSION = YES;
				CLANG_WARN_NON_LITERAL_NULL_CONVERSION = YES;
				CLANG_WARN_OBJC_IMPLICIT_RETAIN_SELF = YES;
				CLANG_WARN_OBJC_LITERAL_CONVERSION = YES;
				CLANG_WARN_OBJC_ROOT_CLASS = YES_ERROR;
				CLANG_WARN_QUOTED_INCLUDE_IN_FRAMEWORK_HEADER = YES;
				CLANG_WARN_RANGE_LOOP_ANALYSIS = YES;
				CLANG_WARN_STRICT_PROTOTYPES = YES;
				CLANG_WARN_SUSPICIOUS_MOVE = YES;
				CLANG_WARN_UNGUARDED_AVAILABILITY = YES_AGGRESSIVE;
				CLANG_WARN_UNREACHABLE_CODE = YES;
				CLANG_WARN__DUPLICATE_METHOD_MATCH = YES;
				COPY_PHASE_STRIP = NO;
				DEBUG_INFORMATION_FORMAT = dwarf;
				ENABLE_STRICT_OBJC_MSGSEND = YES;
				ENABLE_TESTABILITY = YES;
				ENABLE_USER_SCRIPT_SANDBOXING = YES;
				GCC_C_LANGUAGE_STANDARD = gnu17;
				GCC_DYNAMIC_NO_PIC = NO;
				GCC_NO_COMMON_BLOCKS = YES;
				GCC_OPTIMIZATION_LEVEL = 0;
				GCC_PREPROCESSOR_DEFINITIONS = (
					"DEBUG=1",
					"$(inherited)",
				);
				GCC_WARN_64_TO_32_BIT_CONVERSION = YES;
				GCC_WARN_ABOUT_RETURN_TYPE = YES_ERROR;
				GCC_WARN_UNDECLARED_SELECTOR = YES;
				GCC_WARN_UNINITIALIZED_AUTOS = YES_AGGRESSIVE;
				GCC_WARN_UNUSED_FUNCTION = YES;
				GCC_WARN_UNUSED_VARIABLE = YES;
				IPHONEOS_DEPLOYMENT_TARGET = 17.2;
				LOCALIZATION_PREFERS_STRING_CATALOGS = YES;
				MTL_ENABLE_DEBUG_INFO = INCLUDE_SOURCE;
				MTL_FAST_MATH = YES;
				ONLY_ACTIVE_ARCH = YES;
				SDKROOT = iphoneos;
				SWIFT_ACTIVE_COMPILATION_CONDITIONS = "DEBUG $(inherited)";
				SWIFT_OPTIMIZATION_LEVEL = "-Onone";
			};
			name = Debug;
		};
		FFB13AA62BAE183800A94673 /* Release */ = {
			isa = XCBuildConfiguration;
			buildSettings = {
				ALWAYS_SEARCH_USER_PATHS = NO;
				ASSETCATALOG_COMPILER_GENERATE_SWIFT_ASSET_SYMBOL_EXTENSIONS = YES;
				CLANG_ANALYZER_NONNULL = YES;
				CLANG_ANALYZER_NUMBER_OBJECT_CONVERSION = YES_AGGRESSIVE;
				CLANG_CXX_LANGUAGE_STANDARD = "gnu++20";
				CLANG_ENABLE_MODULES = YES;
				CLANG_ENABLE_OBJC_ARC = YES;
				CLANG_ENABLE_OBJC_WEAK = YES;
				CLANG_WARN_BLOCK_CAPTURE_AUTORELEASING = YES;
				CLANG_WARN_BOOL_CONVERSION = YES;
				CLANG_WARN_COMMA = YES;
				CLANG_WARN_CONSTANT_CONVERSION = YES;
				CLANG_WARN_DEPRECATED_OBJC_IMPLEMENTATIONS = YES;
				CLANG_WARN_DIRECT_OBJC_ISA_USAGE = YES_ERROR;
				CLANG_WARN_DOCUMENTATION_COMMENTS = YES;
				CLANG_WARN_EMPTY_BODY = YES;
				CLANG_WARN_ENUM_CONVERSION = YES;
				CLANG_WARN_INFINITE_RECURSION = YES;
				CLANG_WARN_INT_CONVERSION = YES;
				CLANG_WARN_NON_LITERAL_NULL_CONVERSION = YES;
				CLANG_WARN_OBJC_IMPLICIT_RETAIN_SELF = YES;
				CLANG_WARN_OBJC_LITERAL_CONVERSION = YES;
				CLANG_WARN_OBJC_ROOT_CLASS = YES_ERROR;
				CLANG_WARN_QUOTED_INCLUDE_IN_FRAMEWORK_HEADER = YES;
				CLANG_WARN_RANGE_LOOP_ANALYSIS = YES;
				CLANG_WARN_STRICT_PROTOTYPES = YES;
				CLANG_WARN_SUSPICIOUS_MOVE = YES;
				CLANG_WARN_UNGUARDED_AVAILABILITY = YES_AGGRESSIVE;
				CLANG_WARN_UNREACHABLE_CODE = YES;
				CLANG_WARN__DUPLICATE_METHOD_MATCH = YES;
				COPY_PHASE_STRIP = NO;
				DEBUG_INFORMATION_FORMAT = "dwarf-with-dsym";
				ENABLE_NS_ASSERTIONS = NO;
				ENABLE_STRICT_OBJC_MSGSEND = YES;
				ENABLE_USER_SCRIPT_SANDBOXING = YES;
				GCC_C_LANGUAGE_STANDARD = gnu17;
				GCC_NO_COMMON_BLOCKS = YES;
				GCC_WARN_64_TO_32_BIT_CONVERSION = YES;
				GCC_WARN_ABOUT_RETURN_TYPE = YES_ERROR;
				GCC_WARN_UNDECLARED_SELECTOR = YES;
				GCC_WARN_UNINITIALIZED_AUTOS = YES_AGGRESSIVE;
				GCC_WARN_UNUSED_FUNCTION = YES;
				GCC_WARN_UNUSED_VARIABLE = YES;
				IPHONEOS_DEPLOYMENT_TARGET = 17.2;
				LOCALIZATION_PREFERS_STRING_CATALOGS = YES;
				MTL_ENABLE_DEBUG_INFO = NO;
				MTL_FAST_MATH = YES;
				SDKROOT = iphoneos;
				SWIFT_COMPILATION_MODE = wholemodule;
				VALIDATE_PRODUCT = YES;
			};
			name = Release;
		};
		FFB13AA82BAE183800A94673 /* Debug */ = {
			isa = XCBuildConfiguration;
			buildSettings = {
				ASSETCATALOG_COMPILER_APPICON_NAME = AppIcon;
				ASSETCATALOG_COMPILER_GLOBAL_ACCENT_COLOR_NAME = AccentColor;
				CODE_SIGN_STYLE = Automatic;
				CURRENT_PROJECT_VERSION = 1;
				DEVELOPMENT_TEAM = F34XM8L997;
				GENERATE_INFOPLIST_FILE = YES;
				INFOPLIST_FILE = Dermaphone/Info.plist;
				INFOPLIST_KEY_UIApplicationSupportsIndirectInputEvents = YES;
				INFOPLIST_KEY_UILaunchStoryboardName = LaunchScreen;
				INFOPLIST_KEY_UIMainStoryboardFile = Main;
				INFOPLIST_KEY_UISupportedInterfaceOrientations_iPad = "UIInterfaceOrientationPortrait UIInterfaceOrientationPortraitUpsideDown UIInterfaceOrientationLandscapeLeft UIInterfaceOrientationLandscapeRight";
				INFOPLIST_KEY_UISupportedInterfaceOrientations_iPhone = "UIInterfaceOrientationPortrait UIInterfaceOrientationLandscapeLeft UIInterfaceOrientationLandscapeRight";
				IPHONEOS_DEPLOYMENT_TARGET = 16.0;
				LD_RUNPATH_SEARCH_PATHS = (
					"$(inherited)",
					"@executable_path/Frameworks",
				);
				MARKETING_VERSION = 1.0;
				PRODUCT_BUNDLE_IDENTIFIER = test.Dermaphone;
				PRODUCT_NAME = "$(TARGET_NAME)";
				SWIFT_EMIT_LOC_STRINGS = YES;
				SWIFT_VERSION = 5.0;
				TARGETED_DEVICE_FAMILY = "1,2";
			};
			name = Debug;
		};
		FFB13AA92BAE183800A94673 /* Release */ = {
			isa = XCBuildConfiguration;
			buildSettings = {
				ASSETCATALOG_COMPILER_APPICON_NAME = AppIcon;
				ASSETCATALOG_COMPILER_GLOBAL_ACCENT_COLOR_NAME = AccentColor;
				CODE_SIGN_STYLE = Automatic;
				CURRENT_PROJECT_VERSION = 1;
				DEVELOPMENT_TEAM = F34XM8L997;
				GENERATE_INFOPLIST_FILE = YES;
				INFOPLIST_FILE = Dermaphone/Info.plist;
				INFOPLIST_KEY_UIApplicationSupportsIndirectInputEvents = YES;
				INFOPLIST_KEY_UILaunchStoryboardName = LaunchScreen;
				INFOPLIST_KEY_UIMainStoryboardFile = Main;
				INFOPLIST_KEY_UISupportedInterfaceOrientations_iPad = "UIInterfaceOrientationPortrait UIInterfaceOrientationPortraitUpsideDown UIInterfaceOrientationLandscapeLeft UIInterfaceOrientationLandscapeRight";
				INFOPLIST_KEY_UISupportedInterfaceOrientations_iPhone = "UIInterfaceOrientationPortrait UIInterfaceOrientationLandscapeLeft UIInterfaceOrientationLandscapeRight";
				IPHONEOS_DEPLOYMENT_TARGET = 16.0;
				LD_RUNPATH_SEARCH_PATHS = (
					"$(inherited)",
					"@executable_path/Frameworks",
				);
				MARKETING_VERSION = 1.0;
				PRODUCT_BUNDLE_IDENTIFIER = test.Dermaphone;
				PRODUCT_NAME = "$(TARGET_NAME)";
				SWIFT_EMIT_LOC_STRINGS = YES;
				SWIFT_VERSION = 5.0;
				TARGETED_DEVICE_FAMILY = "1,2";
			};
			name = Release;
		};
		FFB13AAB2BAE183800A94673 /* Debug */ = {
			isa = XCBuildConfiguration;
			buildSettings = {
				ALWAYS_EMBED_SWIFT_STANDARD_LIBRARIES = YES;
				BUNDLE_LOADER = "$(TEST_HOST)";
				CODE_SIGN_STYLE = Automatic;
				CURRENT_PROJECT_VERSION = 1;
				DEVELOPMENT_TEAM = F34XM8L997;
				GENERATE_INFOPLIST_FILE = YES;
				IPHONEOS_DEPLOYMENT_TARGET = 17.2;
				MARKETING_VERSION = 1.0;
				PRODUCT_BUNDLE_IDENTIFIER = test.DermaphoneTests;
				PRODUCT_NAME = "$(TARGET_NAME)";
				SWIFT_EMIT_LOC_STRINGS = NO;
				SWIFT_VERSION = 5.0;
				TARGETED_DEVICE_FAMILY = "1,2";
				TEST_HOST = "$(BUILT_PRODUCTS_DIR)/Dermaphone.app/$(BUNDLE_EXECUTABLE_FOLDER_PATH)/Dermaphone";
			};
			name = Debug;
		};
		FFB13AAC2BAE183800A94673 /* Release */ = {
			isa = XCBuildConfiguration;
			buildSettings = {
				ALWAYS_EMBED_SWIFT_STANDARD_LIBRARIES = YES;
				BUNDLE_LOADER = "$(TEST_HOST)";
				CODE_SIGN_STYLE = Automatic;
				CURRENT_PROJECT_VERSION = 1;
				DEVELOPMENT_TEAM = F34XM8L997;
				GENERATE_INFOPLIST_FILE = YES;
				IPHONEOS_DEPLOYMENT_TARGET = 17.2;
				MARKETING_VERSION = 1.0;
				PRODUCT_BUNDLE_IDENTIFIER = test.DermaphoneTests;
				PRODUCT_NAME = "$(TARGET_NAME)";
				SWIFT_EMIT_LOC_STRINGS = NO;
				SWIFT_VERSION = 5.0;
				TARGETED_DEVICE_FAMILY = "1,2";
				TEST_HOST = "$(BUILT_PRODUCTS_DIR)/Dermaphone.app/$(BUNDLE_EXECUTABLE_FOLDER_PATH)/Dermaphone";
			};
			name = Release;
		};
		FFB13AAE2BAE183800A94673 /* Debug */ = {
			isa = XCBuildConfiguration;
			buildSettings = {
				ALWAYS_EMBED_SWIFT_STANDARD_LIBRARIES = YES;
				CODE_SIGN_STYLE = Automatic;
				CURRENT_PROJECT_VERSION = 1;
				DEVELOPMENT_TEAM = F34XM8L997;
				GENERATE_INFOPLIST_FILE = YES;
				MARKETING_VERSION = 1.0;
				PRODUCT_BUNDLE_IDENTIFIER = test.DermaphoneUITests;
				PRODUCT_NAME = "$(TARGET_NAME)";
				SWIFT_EMIT_LOC_STRINGS = NO;
				SWIFT_VERSION = 5.0;
				TARGETED_DEVICE_FAMILY = "1,2";
				TEST_TARGET_NAME = Dermaphone;
			};
			name = Debug;
		};
		FFB13AAF2BAE183800A94673 /* Release */ = {
			isa = XCBuildConfiguration;
			buildSettings = {
				ALWAYS_EMBED_SWIFT_STANDARD_LIBRARIES = YES;
				CODE_SIGN_STYLE = Automatic;
				CURRENT_PROJECT_VERSION = 1;
				DEVELOPMENT_TEAM = F34XM8L997;
				GENERATE_INFOPLIST_FILE = YES;
				MARKETING_VERSION = 1.0;
				PRODUCT_BUNDLE_IDENTIFIER = test.DermaphoneUITests;
				PRODUCT_NAME = "$(TARGET_NAME)";
				SWIFT_EMIT_LOC_STRINGS = NO;
				SWIFT_VERSION = 5.0;
				TARGETED_DEVICE_FAMILY = "1,2";
				TEST_TARGET_NAME = Dermaphone;
			};
			name = Release;
		};
/* End XCBuildConfiguration section */

/* Begin XCConfigurationList section */
		FFB13A782BAE183600A94673 /* Build configuration list for PBXProject "Dermaphone" */ = {
			isa = XCConfigurationList;
			buildConfigurations = (
				FFB13AA52BAE183800A94673 /* Debug */,
				FFB13AA62BAE183800A94673 /* Release */,
			);
			defaultConfigurationIsVisible = 0;
			defaultConfigurationName = Release;
		};
		FFB13AA72BAE183800A94673 /* Build configuration list for PBXNativeTarget "Dermaphone" */ = {
			isa = XCConfigurationList;
			buildConfigurations = (
				FFB13AA82BAE183800A94673 /* Debug */,
				FFB13AA92BAE183800A94673 /* Release */,
			);
			defaultConfigurationIsVisible = 0;
			defaultConfigurationName = Release;
		};
		FFB13AAA2BAE183800A94673 /* Build configuration list for PBXNativeTarget "DermaphoneTests" */ = {
			isa = XCConfigurationList;
			buildConfigurations = (
				FFB13AAB2BAE183800A94673 /* Debug */,
				FFB13AAC2BAE183800A94673 /* Release */,
			);
			defaultConfigurationIsVisible = 0;
			defaultConfigurationName = Release;
		};
		FFB13AAD2BAE183800A94673 /* Build configuration list for PBXNativeTarget "DermaphoneUITests" */ = {
			isa = XCConfigurationList;
			buildConfigurations = (
				FFB13AAE2BAE183800A94673 /* Debug */,
				FFB13AAF2BAE183800A94673 /* Release */,
			);
			defaultConfigurationIsVisible = 0;
			defaultConfigurationName = Release;
		};
/* End XCConfigurationList section */
	};
	rootObject = FFB13A752BAE183600A94673 /* Project object */;
}
