// !$*UTF8*$!
{
	archiveVersion = 1;
	classes = {
	};
	objectVersion = 56;
	objects = {

/* Begin PBXBuildFile section */
		FF5C1C7A2BD2F99400C097E9 /* skinModelViewController.swift in Sources */ = {isa = PBXBuildFile; fileRef = FF5C1C792BD2F99400C097E9 /* skinModelViewController.swift */; };
		FF5C1C7C2BD2FA1000C097E9 /* HapticChart.swift in Sources */ = {isa = PBXBuildFile; fileRef = FF5C1C7B2BD2FA1000C097E9 /* HapticChart.swift */; };
		FF5C1C7E2BD2FA8E00C097E9 /* HapticDataPoint.swift in Sources */ = {isa = PBXBuildFile; fileRef = FF5C1C7D2BD2FA8E00C097E9 /* HapticDataPoint.swift */; };
		FF5C1C822BD2FCBD00C097E9 /* HapticRendering.swift in Sources */ = {isa = PBXBuildFile; fileRef = FF5C1C812BD2FCBD00C097E9 /* HapticRendering.swift */; };
		FF5C1C842BD3109300C097E9 /* testTransform.scn in Resources */ = {isa = PBXBuildFile; fileRef = FF5C1C832BD3109300C097E9 /* testTransform.scn */; };
		FF5C1C882BD310E400C097E9 /* skin3_tex0.png in Resources */ = {isa = PBXBuildFile; fileRef = FF5C1C872BD310E400C097E9 /* skin3_tex0.png */; };
		FF5C1C902BD320E200C097E9 /* baked_mesh_ao0.png in Resources */ = {isa = PBXBuildFile; fileRef = FF5C1C892BD320E200C097E9 /* baked_mesh_ao0.png */; };
		FF5C1C912BD320E200C097E9 /* baked_mesh_norm0.png in Resources */ = {isa = PBXBuildFile; fileRef = FF5C1C8A2BD320E200C097E9 /* baked_mesh_norm0.png */; };
		FF5C1C922BD320E200C097E9 /* baked_mesh_tex0.png in Resources */ = {isa = PBXBuildFile; fileRef = FF5C1C8B2BD320E200C097E9 /* baked_mesh_tex0.png */; };
		FF5C1C932BD320E200C097E9 /* baked_mesh.mtl in Resources */ = {isa = PBXBuildFile; fileRef = FF5C1C8C2BD320E200C097E9 /* baked_mesh.mtl */; };
		FF5C1C942BD320E200C097E9 /* baked_mesh.obj in Resources */ = {isa = PBXBuildFile; fileRef = FF5C1C8D2BD320E200C097E9 /* baked_mesh.obj */; };
		FF5C1C952BD320E200C097E9 /* baked_mesh.usda in Resources */ = {isa = PBXBuildFile; fileRef = FF5C1C8E2BD320E200C097E9 /* baked_mesh.usda */; };
		FF5C1C972BD3212300C097E9 /* baked_mesh.scn in Resources */ = {isa = PBXBuildFile; fileRef = FF5C1C962BD3212300C097E9 /* baked_mesh.scn */; };
		FF5C1C992BD43D0900C097E9 /* HapticManager.swift in Sources */ = {isa = PBXBuildFile; fileRef = FF5C1C982BD43D0900C097E9 /* HapticManager.swift */; };
		FF5C1C9F2BD5481C00C097E9 /* skin2Model in Resources */ = {isa = PBXBuildFile; fileRef = FF5C1C9E2BD5481B00C097E9 /* skin2Model */; };
		FF5C1CA32BD54B8500C097E9 /* test2scene.usda in Resources */ = {isa = PBXBuildFile; fileRef = FF5C1CA22BD54B8500C097E9 /* test2scene.usda */; };
		FF5C1CA52BD54B8D00C097E9 /* test2scene.scn in Resources */ = {isa = PBXBuildFile; fileRef = FF5C1CA42BD54B8D00C097E9 /* test2scene.scn */; };
		FF5C1CA72BDF8F1700C097E9 /* modelLocation.swift in Sources */ = {isa = PBXBuildFile; fileRef = FF5C1CA62BDF8F1700C097E9 /* modelLocation.swift */; };
		FF5C1CA92BDFD0D200C097E9 /* testTriangle in Resources */ = {isa = PBXBuildFile; fileRef = FF5C1CA82BDFD0D100C097E9 /* testTriangle */; };
		FF5C1CAB2BE026D400C097E9 /* smoothModel.swift in Sources */ = {isa = PBXBuildFile; fileRef = FF5C1CAA2BE026D400C097E9 /* smoothModel.swift */; };
		FF5C1CAD2BE117CA00C097E9 /* NotesView.swift in Sources */ = {isa = PBXBuildFile; fileRef = FF5C1CAC2BE117CA00C097E9 /* NotesView.swift */; };
		FF5C1CAF2BE8D18C00C097E9 /* heightMap.swift in Sources */ = {isa = PBXBuildFile; fileRef = FF5C1CAE2BE8D18C00C097E9 /* heightMap.swift */; };
		FFB13A812BAE183600A94673 /* AppDelegate.swift in Sources */ = {isa = PBXBuildFile; fileRef = FFB13A802BAE183600A94673 /* AppDelegate.swift */; };
		FFB13A832BAE183600A94673 /* SceneDelegate.swift in Sources */ = {isa = PBXBuildFile; fileRef = FFB13A822BAE183600A94673 /* SceneDelegate.swift */; };
		FFB13A852BAE183600A94673 /* ViewController.swift in Sources */ = {isa = PBXBuildFile; fileRef = FFB13A842BAE183600A94673 /* ViewController.swift */; };
		FFB13A882BAE183600A94673 /* Main.storyboard in Resources */ = {isa = PBXBuildFile; fileRef = FFB13A862BAE183600A94673 /* Main.storyboard */; };
		FFB13A8A2BAE183800A94673 /* Assets.xcassets in Resources */ = {isa = PBXBuildFile; fileRef = FFB13A892BAE183800A94673 /* Assets.xcassets */; };
		FFB13A8D2BAE183800A94673 /* LaunchScreen.storyboard in Resources */ = {isa = PBXBuildFile; fileRef = FFB13A8B2BAE183800A94673 /* LaunchScreen.storyboard */; };
		FFB13A982BAE183800A94673 /* DermaphoneTests.swift in Sources */ = {isa = PBXBuildFile; fileRef = FFB13A972BAE183800A94673 /* DermaphoneTests.swift */; };
		FFB13AA22BAE183800A94673 /* DermaphoneUITests.swift in Sources */ = {isa = PBXBuildFile; fileRef = FFB13AA12BAE183800A94673 /* DermaphoneUITests.swift */; };
		FFB13AA42BAE183800A94673 /* DermaphoneUITestsLaunchTests.swift in Sources */ = {isa = PBXBuildFile; fileRef = FFB13AA32BAE183800A94673 /* DermaphoneUITestsLaunchTests.swift */; };
		FFB13B412BAF034600A94673 /* testTexture.ahap in Resources */ = {isa = PBXBuildFile; fileRef = FFB13B402BAF034600A94673 /* testTexture.ahap */; };
		FFB13B432BB1D41500A94673 /* Haptics.swift in Sources */ = {isa = PBXBuildFile; fileRef = FFB13B422BB1D41500A94673 /* Haptics.swift */; };
		FFC1CEAA2BBB22AA00FD49B7 /* ImageLoader.swift in Sources */ = {isa = PBXBuildFile; fileRef = FFC1CE942BBB22A900FD49B7 /* ImageLoader.swift */; };
		FFC1CEAB2BBB22AA00FD49B7 /* Capture.swift in Sources */ = {isa = PBXBuildFile; fileRef = FFC1CE952BBB22A900FD49B7 /* Capture.swift */; };
		FFC1CEAC2BBB22AA00FD49B7 /* CaptureFoldersView.swift in Sources */ = {isa = PBXBuildFile; fileRef = FFC1CE962BBB22A900FD49B7 /* CaptureFoldersView.swift */; };
		FFC1CEAD2BBB22AA00FD49B7 /* CameraPreviewView.swift in Sources */ = {isa = PBXBuildFile; fileRef = FFC1CE972BBB22A900FD49B7 /* CameraPreviewView.swift */; };
		FFC1CEAE2BBB22AA00FD49B7 /* HelpPageView.swift in Sources */ = {isa = PBXBuildFile; fileRef = FFC1CE982BBB22A900FD49B7 /* HelpPageView.swift */; };
		FFC1CEAF2BBB22AA00FD49B7 /* CameraViewModel.swift in Sources */ = {isa = PBXBuildFile; fileRef = FFC1CE992BBB22A900FD49B7 /* CameraViewModel.swift */; };
		FFC1CEB02BBB22AA00FD49B7 /* InfoPanelView.swift in Sources */ = {isa = PBXBuildFile; fileRef = FFC1CE9A2BBB22A900FD49B7 /* InfoPanelView.swift */; };
		FFC1CEB12BBB22AA00FD49B7 /* TimerView.swift in Sources */ = {isa = PBXBuildFile; fileRef = FFC1CE9B2BBB22A900FD49B7 /* TimerView.swift */; };
		FFC1CEB32BBB22AA00FD49B7 /* CaptureSampleApp.swift in Sources */ = {isa = PBXBuildFile; fileRef = FFC1CE9D2BBB22A900FD49B7 /* CaptureSampleApp.swift */; };
		FFC1CEB52BBB22AA00FD49B7 /* CaptureGalleryView.swift in Sources */ = {isa = PBXBuildFile; fileRef = FFC1CEA02BBB22A900FD49B7 /* CaptureGalleryView.swift */; };
		FFC1CEB62BBB22AA00FD49B7 /* CameraView.swift in Sources */ = {isa = PBXBuildFile; fileRef = FFC1CEA12BBB22A900FD49B7 /* CameraView.swift */; };
		FFC1CEB72BBB22AA00FD49B7 /* CaptureInfo.swift in Sources */ = {isa = PBXBuildFile; fileRef = FFC1CEA22BBB22A900FD49B7 /* CaptureInfo.swift */; };
		FFC1CEB82BBB22AA00FD49B7 /* PhotoCaptureDelegate.swift in Sources */ = {isa = PBXBuildFile; fileRef = FFC1CEA32BBB22A900FD49B7 /* PhotoCaptureDelegate.swift */; };
		FFC1CEB92BBB22AA00FD49B7 /* TriggerEveryTimer.swift in Sources */ = {isa = PBXBuildFile; fileRef = FFC1CEA42BBB22A900FD49B7 /* TriggerEveryTimer.swift */; };
		FFC1CEBA2BBB22AA00FD49B7 /* LICENSE.txt in Resources */ = {isa = PBXBuildFile; fileRef = FFC1CEA52BBB22A900FD49B7 /* LICENSE.txt */; };
		FFC1CEBB2BBB22AA00FD49B7 /* CaptureFolderState.swift in Sources */ = {isa = PBXBuildFile; fileRef = FFC1CEA62BBB22A900FD49B7 /* CaptureFolderState.swift */; };
		FFC1CEBC2BBB22AA00FD49B7 /* ContentView.swift in Sources */ = {isa = PBXBuildFile; fileRef = FFC1CEA72BBB22A900FD49B7 /* ContentView.swift */; };
		FFC1CEBE2BBB22AA00FD49B7 /* AsyncImageHelpers.swift in Sources */ = {isa = PBXBuildFile; fileRef = FFC1CEA92BBB22A900FD49B7 /* AsyncImageHelpers.swift */; };
		FFC1CEC02BBB292800FD49B7 /* photogrammetryAPI.swift in Sources */ = {isa = PBXBuildFile; fileRef = FFC1CEBF2BBB292800FD49B7 /* photogrammetryAPI.swift */; };
		FFF154C82BBC375700834F38 /* skin2.obj in Resources */ = {isa = PBXBuildFile; fileRef = FFF154C22BBC375700834F38 /* skin2.obj */; };
		FFF154C92BBC375700834F38 /* skin2_norm0.png in Resources */ = {isa = PBXBuildFile; fileRef = FFF154C32BBC375700834F38 /* skin2_norm0.png */; };
		FFF154CA2BBC375700834F38 /* skin2.usda in Resources */ = {isa = PBXBuildFile; fileRef = FFF154C42BBC375700834F38 /* skin2.usda */; };
		FFF154CB2BBC375700834F38 /* skin2_ao0.png in Resources */ = {isa = PBXBuildFile; fileRef = FFF154C52BBC375700834F38 /* skin2_ao0.png */; };
		FFF154CC2BBC375700834F38 /* skin2.mtl in Resources */ = {isa = PBXBuildFile; fileRef = FFF154C62BBC375700834F38 /* skin2.mtl */; };
		FFF154CD2BBC375700834F38 /* skin2_tex0.png in Resources */ = {isa = PBXBuildFile; fileRef = FFF154C72BBC375700834F38 /* skin2_tex0.png */; };
		FFF154CF2BBC377D00834F38 /* skin2.scn in Resources */ = {isa = PBXBuildFile; fileRef = FFF154CE2BBC377D00834F38 /* skin2.scn */; };
		FFF154E02BBC8C3100834F38 /* SkinCondition.swift in Sources */ = {isa = PBXBuildFile; fileRef = FFF154DF2BBC8C3100834F38 /* SkinCondition.swift */; };
		FFF154E22BBC986900834F38 /* skinConditionInfoView.swift in Sources */ = {isa = PBXBuildFile; fileRef = FFF154E12BBC986900834F38 /* skinConditionInfoView.swift */; };
/* End PBXBuildFile section */

/* Begin PBXContainerItemProxy section */
		FFB13A942BAE183800A94673 /* PBXContainerItemProxy */ = {
			isa = PBXContainerItemProxy;
			containerPortal = FFB13A752BAE183600A94673 /* Project object */;
			proxyType = 1;
			remoteGlobalIDString = FFB13A7C2BAE183600A94673;
			remoteInfo = Dermaphone;
		};
		FFB13A9E2BAE183800A94673 /* PBXContainerItemProxy */ = {
			isa = PBXContainerItemProxy;
			containerPortal = FFB13A752BAE183600A94673 /* Project object */;
			proxyType = 1;
			remoteGlobalIDString = FFB13A7C2BAE183600A94673;
			remoteInfo = Dermaphone;
		};
/* End PBXContainerItemProxy section */

/* Begin PBXFileReference section */
		FF5C1C792BD2F99400C097E9 /* skinModelViewController.swift */ = {isa = PBXFileReference; lastKnownFileType = sourcecode.swift; path = skinModelViewController.swift; sourceTree = "<group>"; };
		FF5C1C7B2BD2FA1000C097E9 /* HapticChart.swift */ = {isa = PBXFileReference; lastKnownFileType = sourcecode.swift; path = HapticChart.swift; sourceTree = "<group>"; };
		FF5C1C7D2BD2FA8E00C097E9 /* HapticDataPoint.swift */ = {isa = PBXFileReference; lastKnownFileType = sourcecode.swift; path = HapticDataPoint.swift; sourceTree = "<group>"; };
		FF5C1C812BD2FCBD00C097E9 /* HapticRendering.swift */ = {isa = PBXFileReference; lastKnownFileType = sourcecode.swift; path = HapticRendering.swift; sourceTree = "<group>"; };
		FF5C1C832BD3109300C097E9 /* testTransform.scn */ = {isa = PBXFileReference; lastKnownFileType = file.bplist; name = testTransform.scn; path = ../../testTransform.scn; sourceTree = "<group>"; };
		FF5C1C872BD310E400C097E9 /* skin3_tex0.png */ = {isa = PBXFileReference; lastKnownFileType = image.png; path = skin3_tex0.png; sourceTree = "<group>"; };
		FF5C1C892BD320E200C097E9 /* baked_mesh_ao0.png */ = {isa = PBXFileReference; lastKnownFileType = image.png; path = baked_mesh_ao0.png; sourceTree = "<group>"; };
		FF5C1C8A2BD320E200C097E9 /* baked_mesh_norm0.png */ = {isa = PBXFileReference; lastKnownFileType = image.png; path = baked_mesh_norm0.png; sourceTree = "<group>"; };
		FF5C1C8B2BD320E200C097E9 /* baked_mesh_tex0.png */ = {isa = PBXFileReference; lastKnownFileType = image.png; path = baked_mesh_tex0.png; sourceTree = "<group>"; };
		FF5C1C8C2BD320E200C097E9 /* baked_mesh.mtl */ = {isa = PBXFileReference; fileEncoding = 4; lastKnownFileType = text; path = baked_mesh.mtl; sourceTree = "<group>"; };
		FF5C1C8D2BD320E200C097E9 /* baked_mesh.obj */ = {isa = PBXFileReference; fileEncoding = 4; lastKnownFileType = text; path = baked_mesh.obj; sourceTree = "<group>"; };
		FF5C1C8E2BD320E200C097E9 /* baked_mesh.usda */ = {isa = PBXFileReference; fileEncoding = 4; lastKnownFileType = text; path = baked_mesh.usda; sourceTree = "<group>"; };
		FF5C1C962BD3212300C097E9 /* baked_mesh.scn */ = {isa = PBXFileReference; lastKnownFileType = file.bplist; path = baked_mesh.scn; sourceTree = "<group>"; };
		FF5C1C982BD43D0900C097E9 /* HapticManager.swift */ = {isa = PBXFileReference; lastKnownFileType = sourcecode.swift; path = HapticManager.swift; sourceTree = "<group>"; };
		FF5C1C9E2BD5481B00C097E9 /* skin2Model */ = {isa = PBXFileReference; lastKnownFileType = wrapper; name = skin2Model; path = ../../skin2Model; sourceTree = "<group>"; };
		FF5C1CA22BD54B8500C097E9 /* test2scene.usda */ = {isa = PBXFileReference; fileEncoding = 4; lastKnownFileType = text; name = test2scene.usda; path = ../../test2scene.usda; sourceTree = "<group>"; };
		FF5C1CA42BD54B8D00C097E9 /* test2scene.scn */ = {isa = PBXFileReference; lastKnownFileType = file.bplist; name = test2scene.scn; path = ../../test2scene.scn; sourceTree = "<group>"; };
		FF5C1CA62BDF8F1700C097E9 /* modelLocation.swift */ = {isa = PBXFileReference; lastKnownFileType = sourcecode.swift; path = modelLocation.swift; sourceTree = "<group>"; };
		FF5C1CA82BDFD0D100C097E9 /* testTriangle */ = {isa = PBXFileReference; lastKnownFileType = wrapper; name = testTriangle; path = ../../testTriangle; sourceTree = "<group>"; };
		FF5C1CAA2BE026D400C097E9 /* smoothModel.swift */ = {isa = PBXFileReference; lastKnownFileType = sourcecode.swift; path = smoothModel.swift; sourceTree = "<group>"; };
		FF5C1CAC2BE117CA00C097E9 /* NotesView.swift */ = {isa = PBXFileReference; lastKnownFileType = sourcecode.swift; path = NotesView.swift; sourceTree = "<group>"; };
		FF5C1CAE2BE8D18C00C097E9 /* heightMap.swift */ = {isa = PBXFileReference; lastKnownFileType = sourcecode.swift; path = heightMap.swift; sourceTree = "<group>"; };
		FFB13A7D2BAE183600A94673 /* Dermaphone.app */ = {isa = PBXFileReference; explicitFileType = wrapper.application; includeInIndex = 0; path = Dermaphone.app; sourceTree = BUILT_PRODUCTS_DIR; };
		FFB13A802BAE183600A94673 /* AppDelegate.swift */ = {isa = PBXFileReference; lastKnownFileType = sourcecode.swift; path = AppDelegate.swift; sourceTree = "<group>"; };
		FFB13A822BAE183600A94673 /* SceneDelegate.swift */ = {isa = PBXFileReference; lastKnownFileType = sourcecode.swift; path = SceneDelegate.swift; sourceTree = "<group>"; };
		FFB13A842BAE183600A94673 /* ViewController.swift */ = {isa = PBXFileReference; lastKnownFileType = sourcecode.swift; path = ViewController.swift; sourceTree = "<group>"; };
		FFB13A872BAE183600A94673 /* Base */ = {isa = PBXFileReference; lastKnownFileType = file.storyboard; name = Base; path = Base.lproj/Main.storyboard; sourceTree = "<group>"; };
		FFB13A892BAE183800A94673 /* Assets.xcassets */ = {isa = PBXFileReference; lastKnownFileType = folder.assetcatalog; path = Assets.xcassets; sourceTree = "<group>"; };
		FFB13A8C2BAE183800A94673 /* Base */ = {isa = PBXFileReference; lastKnownFileType = file.storyboard; name = Base; path = Base.lproj/LaunchScreen.storyboard; sourceTree = "<group>"; };
		FFB13A8E2BAE183800A94673 /* Info.plist */ = {isa = PBXFileReference; lastKnownFileType = text.plist.xml; path = Info.plist; sourceTree = "<group>"; };
		FFB13A932BAE183800A94673 /* DermaphoneTests.xctest */ = {isa = PBXFileReference; explicitFileType = wrapper.cfbundle; includeInIndex = 0; path = DermaphoneTests.xctest; sourceTree = BUILT_PRODUCTS_DIR; };
		FFB13A972BAE183800A94673 /* DermaphoneTests.swift */ = {isa = PBXFileReference; lastKnownFileType = sourcecode.swift; path = DermaphoneTests.swift; sourceTree = "<group>"; };
		FFB13A9D2BAE183800A94673 /* DermaphoneUITests.xctest */ = {isa = PBXFileReference; explicitFileType = wrapper.cfbundle; includeInIndex = 0; path = DermaphoneUITests.xctest; sourceTree = BUILT_PRODUCTS_DIR; };
		FFB13AA12BAE183800A94673 /* DermaphoneUITests.swift */ = {isa = PBXFileReference; lastKnownFileType = sourcecode.swift; path = DermaphoneUITests.swift; sourceTree = "<group>"; };
		FFB13AA32BAE183800A94673 /* DermaphoneUITestsLaunchTests.swift */ = {isa = PBXFileReference; lastKnownFileType = sourcecode.swift; path = DermaphoneUITestsLaunchTests.swift; sourceTree = "<group>"; };
		FFB13B402BAF034600A94673 /* testTexture.ahap */ = {isa = PBXFileReference; fileEncoding = 4; lastKnownFileType = text; name = testTexture.ahap; path = ../../FYPTestingTemp/FYPTestingTemp/testTexture.ahap; sourceTree = "<group>"; };
		FFB13B422BB1D41500A94673 /* Haptics.swift */ = {isa = PBXFileReference; lastKnownFileType = sourcecode.swift; path = Haptics.swift; sourceTree = "<group>"; };
		FFC1CE942BBB22A900FD49B7 /* ImageLoader.swift */ = {isa = PBXFileReference; fileEncoding = 4; lastKnownFileType = sourcecode.swift; path = ImageLoader.swift; sourceTree = "<group>"; };
		FFC1CE952BBB22A900FD49B7 /* Capture.swift */ = {isa = PBXFileReference; fileEncoding = 4; lastKnownFileType = sourcecode.swift; path = Capture.swift; sourceTree = "<group>"; };
		FFC1CE962BBB22A900FD49B7 /* CaptureFoldersView.swift */ = {isa = PBXFileReference; fileEncoding = 4; lastKnownFileType = sourcecode.swift; path = CaptureFoldersView.swift; sourceTree = "<group>"; };
		FFC1CE972BBB22A900FD49B7 /* CameraPreviewView.swift */ = {isa = PBXFileReference; fileEncoding = 4; lastKnownFileType = sourcecode.swift; path = CameraPreviewView.swift; sourceTree = "<group>"; };
		FFC1CE982BBB22A900FD49B7 /* HelpPageView.swift */ = {isa = PBXFileReference; fileEncoding = 4; lastKnownFileType = sourcecode.swift; path = HelpPageView.swift; sourceTree = "<group>"; };
		FFC1CE992BBB22A900FD49B7 /* CameraViewModel.swift */ = {isa = PBXFileReference; fileEncoding = 4; lastKnownFileType = sourcecode.swift; path = CameraViewModel.swift; sourceTree = "<group>"; };
		FFC1CE9A2BBB22A900FD49B7 /* InfoPanelView.swift */ = {isa = PBXFileReference; fileEncoding = 4; lastKnownFileType = sourcecode.swift; path = InfoPanelView.swift; sourceTree = "<group>"; };
		FFC1CE9B2BBB22A900FD49B7 /* TimerView.swift */ = {isa = PBXFileReference; fileEncoding = 4; lastKnownFileType = sourcecode.swift; path = TimerView.swift; sourceTree = "<group>"; };
		FFC1CE9D2BBB22A900FD49B7 /* CaptureSampleApp.swift */ = {isa = PBXFileReference; fileEncoding = 4; lastKnownFileType = sourcecode.swift; path = CaptureSampleApp.swift; sourceTree = "<group>"; };
		FFC1CEA02BBB22A900FD49B7 /* CaptureGalleryView.swift */ = {isa = PBXFileReference; fileEncoding = 4; lastKnownFileType = sourcecode.swift; path = CaptureGalleryView.swift; sourceTree = "<group>"; };
		FFC1CEA12BBB22A900FD49B7 /* CameraView.swift */ = {isa = PBXFileReference; fileEncoding = 4; lastKnownFileType = sourcecode.swift; path = CameraView.swift; sourceTree = "<group>"; };
		FFC1CEA22BBB22A900FD49B7 /* CaptureInfo.swift */ = {isa = PBXFileReference; fileEncoding = 4; lastKnownFileType = sourcecode.swift; path = CaptureInfo.swift; sourceTree = "<group>"; };
		FFC1CEA32BBB22A900FD49B7 /* PhotoCaptureDelegate.swift */ = {isa = PBXFileReference; fileEncoding = 4; lastKnownFileType = sourcecode.swift; path = PhotoCaptureDelegate.swift; sourceTree = "<group>"; };
		FFC1CEA42BBB22A900FD49B7 /* TriggerEveryTimer.swift */ = {isa = PBXFileReference; fileEncoding = 4; lastKnownFileType = sourcecode.swift; path = TriggerEveryTimer.swift; sourceTree = "<group>"; };
		FFC1CEA52BBB22A900FD49B7 /* LICENSE.txt */ = {isa = PBXFileReference; fileEncoding = 4; lastKnownFileType = text; path = LICENSE.txt; sourceTree = "<group>"; };
		FFC1CEA62BBB22A900FD49B7 /* CaptureFolderState.swift */ = {isa = PBXFileReference; fileEncoding = 4; lastKnownFileType = sourcecode.swift; path = CaptureFolderState.swift; sourceTree = "<group>"; };
		FFC1CEA72BBB22A900FD49B7 /* ContentView.swift */ = {isa = PBXFileReference; fileEncoding = 4; lastKnownFileType = sourcecode.swift; path = ContentView.swift; sourceTree = "<group>"; };
		FFC1CEA92BBB22A900FD49B7 /* AsyncImageHelpers.swift */ = {isa = PBXFileReference; fileEncoding = 4; lastKnownFileType = sourcecode.swift; path = AsyncImageHelpers.swift; sourceTree = "<group>"; };
		FFC1CEBF2BBB292800FD49B7 /* photogrammetryAPI.swift */ = {isa = PBXFileReference; lastKnownFileType = sourcecode.swift; path = photogrammetryAPI.swift; sourceTree = "<group>"; };
		FFF1548C2BBC30F300834F38 /* baked_mesh1.scn */ = {isa = PBXFileReference; lastKnownFileType = file.bplist; path = baked_mesh1.scn; sourceTree = "<group>"; };
		FFF154C22BBC375700834F38 /* skin2.obj */ = {isa = PBXFileReference; fileEncoding = 4; lastKnownFileType = text; path = skin2.obj; sourceTree = "<group>"; };
		FFF154C32BBC375700834F38 /* skin2_norm0.png */ = {isa = PBXFileReference; lastKnownFileType = image.png; path = skin2_norm0.png; sourceTree = "<group>"; };
		FFF154C42BBC375700834F38 /* skin2.usda */ = {isa = PBXFileReference; fileEncoding = 4; lastKnownFileType = text; path = skin2.usda; sourceTree = "<group>"; };
		FFF154C52BBC375700834F38 /* skin2_ao0.png */ = {isa = PBXFileReference; lastKnownFileType = image.png; path = skin2_ao0.png; sourceTree = "<group>"; };
		FFF154C62BBC375700834F38 /* skin2.mtl */ = {isa = PBXFileReference; fileEncoding = 4; lastKnownFileType = text; path = skin2.mtl; sourceTree = "<group>"; };
		FFF154C72BBC375700834F38 /* skin2_tex0.png */ = {isa = PBXFileReference; lastKnownFileType = image.png; path = skin2_tex0.png; sourceTree = "<group>"; };
		FFF154CE2BBC377D00834F38 /* skin2.scn */ = {isa = PBXFileReference; lastKnownFileType = file.bplist; path = skin2.scn; sourceTree = "<group>"; };
		FFF154DF2BBC8C3100834F38 /* SkinCondition.swift */ = {isa = PBXFileReference; lastKnownFileType = sourcecode.swift; path = SkinCondition.swift; sourceTree = "<group>"; };
		FFF154E12BBC986900834F38 /* skinConditionInfoView.swift */ = {isa = PBXFileReference; lastKnownFileType = sourcecode.swift; path = skinConditionInfoView.swift; sourceTree = "<group>"; };
/* End PBXFileReference section */

/* Begin PBXFrameworksBuildPhase section */
		FFB13A7A2BAE183600A94673 /* Frameworks */ = {
			isa = PBXFrameworksBuildPhase;
			buildActionMask = 2147483647;
			files = (
			);
			runOnlyForDeploymentPostprocessing = 0;
		};
		FFB13A902BAE183800A94673 /* Frameworks */ = {
			isa = PBXFrameworksBuildPhase;
			buildActionMask = 2147483647;
			files = (
			);
			runOnlyForDeploymentPostprocessing = 0;
		};
		FFB13A9A2BAE183800A94673 /* Frameworks */ = {
			isa = PBXFrameworksBuildPhase;
			buildActionMask = 2147483647;
			files = (
			);
			runOnlyForDeploymentPostprocessing = 0;
		};
/* End PBXFrameworksBuildPhase section */

/* Begin PBXGroup section */
		FF5C1C8F2BD320E200C097E9 /* 3dmodelSkin5 */ = {
			isa = PBXGroup;
			children = (
				FF5C1C892BD320E200C097E9 /* baked_mesh_ao0.png */,
				FF5C1C8A2BD320E200C097E9 /* baked_mesh_norm0.png */,
				FF5C1C8B2BD320E200C097E9 /* baked_mesh_tex0.png */,
				FF5C1C8C2BD320E200C097E9 /* baked_mesh.mtl */,
				FF5C1C8D2BD320E200C097E9 /* baked_mesh.obj */,
				FF5C1C8E2BD320E200C097E9 /* baked_mesh.usda */,
				FF5C1C962BD3212300C097E9 /* baked_mesh.scn */,
			);
			name = 3dmodelSkin5;
			path = ../../3dmodelSkin5;
			sourceTree = "<group>";
		};
		FFB13A742BAE183600A94673 = {
			isa = PBXGroup;
			children = (
				FF5C1C872BD310E400C097E9 /* skin3_tex0.png */,
				FF5C1C812BD2FCBD00C097E9 /* HapticRendering.swift */,
				FF5C1C7D2BD2FA8E00C097E9 /* HapticDataPoint.swift */,
				FFF154C12BBC375700834F38 /* 3dmodelSkin2 */,
				FFC1CEBF2BBB292800FD49B7 /* photogrammetryAPI.swift */,
				FFB13A7F2BAE183600A94673 /* Dermaphone */,
				FFB13A962BAE183800A94673 /* DermaphoneTests */,
				FFB13AA02BAE183800A94673 /* DermaphoneUITests */,
				FFB13A7E2BAE183600A94673 /* Products */,
			);
			sourceTree = "<group>";
		};
		FFB13A7E2BAE183600A94673 /* Products */ = {
			isa = PBXGroup;
			children = (
				FFB13A7D2BAE183600A94673 /* Dermaphone.app */,
				FFB13A932BAE183800A94673 /* DermaphoneTests.xctest */,
				FFB13A9D2BAE183800A94673 /* DermaphoneUITests.xctest */,
			);
			name = Products;
			sourceTree = "<group>";
		};
		FFB13A7F2BAE183600A94673 /* Dermaphone */ = {
			isa = PBXGroup;
			children = (
				FF5C1C7B2BD2FA1000C097E9 /* HapticChart.swift */,
				FFC1CE932BBB22A900FD49B7 /* CaptureSample */,
				FFB13A802BAE183600A94673 /* AppDelegate.swift */,
				FFF154DF2BBC8C3100834F38 /* SkinCondition.swift */,
				FFB13A822BAE183600A94673 /* SceneDelegate.swift */,
				FFB13A842BAE183600A94673 /* ViewController.swift */,
				FF5C1C792BD2F99400C097E9 /* skinModelViewController.swift */,
				FF5C1CAE2BE8D18C00C097E9 /* heightMap.swift */,
				FF5C1CAA2BE026D400C097E9 /* smoothModel.swift */,
				FF5C1CA62BDF8F1700C097E9 /* modelLocation.swift */,
				FF5C1CA82BDFD0D100C097E9 /* testTriangle */,
				FF5C1C832BD3109300C097E9 /* testTransform.scn */,
				FFF154E12BBC986900834F38 /* skinConditionInfoView.swift */,
				FF5C1C982BD43D0900C097E9 /* HapticManager.swift */,
				FF5C1CA22BD54B8500C097E9 /* test2scene.usda */,
				FF5C1CA42BD54B8D00C097E9 /* test2scene.scn */,
				FFB13B402BAF034600A94673 /* testTexture.ahap */,
				FFB13B422BB1D41500A94673 /* Haptics.swift */,
				FFF1548C2BBC30F300834F38 /* baked_mesh1.scn */,
				FF5C1C9E2BD5481B00C097E9 /* skin2Model */,
				FF5C1C8F2BD320E200C097E9 /* 3dmodelSkin5 */,
				FFB13A862BAE183600A94673 /* Main.storyboard */,
				FF5C1CAC2BE117CA00C097E9 /* NotesView.swift */,
				FFB13A892BAE183800A94673 /* Assets.xcassets */,
				FFB13A8B2BAE183800A94673 /* LaunchScreen.storyboard */,
				FFB13A8E2BAE183800A94673 /* Info.plist */,
			);
			path = Dermaphone;
			sourceTree = "<group>";
		};
		FFB13A962BAE183800A94673 /* DermaphoneTests */ = {
			isa = PBXGroup;
			children = (
				FFB13A972BAE183800A94673 /* DermaphoneTests.swift */,
			);
			path = DermaphoneTests;
			sourceTree = "<group>";
		};
		FFB13AA02BAE183800A94673 /* DermaphoneUITests */ = {
			isa = PBXGroup;
			children = (
				FFB13AA12BAE183800A94673 /* DermaphoneUITests.swift */,
				FFB13AA32BAE183800A94673 /* DermaphoneUITestsLaunchTests.swift */,
			);
			path = DermaphoneUITests;
			sourceTree = "<group>";
		};
		FFC1CE932BBB22A900FD49B7 /* CaptureSample */ = {
			isa = PBXGroup;
			children = (
				FFC1CE942BBB22A900FD49B7 /* ImageLoader.swift */,
				FFC1CE952BBB22A900FD49B7 /* Capture.swift */,
				FFC1CE962BBB22A900FD49B7 /* CaptureFoldersView.swift */,
				FFC1CE972BBB22A900FD49B7 /* CameraPreviewView.swift */,
				FFC1CE982BBB22A900FD49B7 /* HelpPageView.swift */,
				FFC1CE992BBB22A900FD49B7 /* CameraViewModel.swift */,
				FFC1CE9A2BBB22A900FD49B7 /* InfoPanelView.swift */,
				FFC1CE9B2BBB22A900FD49B7 /* TimerView.swift */,
				FFC1CE9D2BBB22A900FD49B7 /* CaptureSampleApp.swift */,
				FFC1CEA02BBB22A900FD49B7 /* CaptureGalleryView.swift */,
				FFC1CEA12BBB22A900FD49B7 /* CameraView.swift */,
				FFC1CEA22BBB22A900FD49B7 /* CaptureInfo.swift */,
				FFC1CEA32BBB22A900FD49B7 /* PhotoCaptureDelegate.swift */,
				FFC1CEA42BBB22A900FD49B7 /* TriggerEveryTimer.swift */,
				FFC1CEA52BBB22A900FD49B7 /* LICENSE.txt */,
				FFC1CEA62BBB22A900FD49B7 /* CaptureFolderState.swift */,
				FFC1CEA72BBB22A900FD49B7 /* ContentView.swift */,
				FFC1CEA92BBB22A900FD49B7 /* AsyncImageHelpers.swift */,
			);
			path = CaptureSample;
			sourceTree = "<group>";
		};
		FFF154C12BBC375700834F38 /* 3dmodelSkin2 */ = {
			isa = PBXGroup;
			children = (
				FFF154C22BBC375700834F38 /* skin2.obj */,
				FFF154C32BBC375700834F38 /* skin2_norm0.png */,
				FFF154C42BBC375700834F38 /* skin2.usda */,
				FFF154CE2BBC377D00834F38 /* skin2.scn */,
				FFF154C52BBC375700834F38 /* skin2_ao0.png */,
				FFF154C62BBC375700834F38 /* skin2.mtl */,
				FFF154C72BBC375700834F38 /* skin2_tex0.png */,
			);
			path = 3dmodelSkin2;
			sourceTree = "<group>";
		};
/* End PBXGroup section */

/* Begin PBXNativeTarget section */
		FFB13A7C2BAE183600A94673 /* Dermaphone */ = {
			isa = PBXNativeTarget;
			buildConfigurationList = FFB13AA72BAE183800A94673 /* Build configuration list for PBXNativeTarget "Dermaphone" */;
			buildPhases = (
				FFB13A792BAE183600A94673 /* Sources */,
				FFB13A7A2BAE183600A94673 /* Frameworks */,
				FFB13A7B2BAE183600A94673 /* Resources */,
			);
			buildRules = (
			);
			dependencies = (
			);
			name = Dermaphone;
			productName = Dermaphone;
			productReference = FFB13A7D2BAE183600A94673 /* Dermaphone.app */;
			productType = "com.apple.product-type.application";
		};
		FFB13A922BAE183800A94673 /* DermaphoneTests */ = {
			isa = PBXNativeTarget;
			buildConfigurationList = FFB13AAA2BAE183800A94673 /* Build configuration list for PBXNativeTarget "DermaphoneTests" */;
			buildPhases = (
				FFB13A8F2BAE183800A94673 /* Sources */,
				FFB13A902BAE183800A94673 /* Frameworks */,
				FFB13A912BAE183800A94673 /* Resources */,
			);
			buildRules = (
			);
			dependencies = (
				FFB13A952BAE183800A94673 /* PBXTargetDependency */,
			);
			name = DermaphoneTests;
			productName = DermaphoneTests;
			productReference = FFB13A932BAE183800A94673 /* DermaphoneTests.xctest */;
			productType = "com.apple.product-type.bundle.unit-test";
		};
		FFB13A9C2BAE183800A94673 /* DermaphoneUITests */ = {
			isa = PBXNativeTarget;
			buildConfigurationList = FFB13AAD2BAE183800A94673 /* Build configuration list for PBXNativeTarget "DermaphoneUITests" */;
			buildPhases = (
				FFB13A992BAE183800A94673 /* Sources */,
				FFB13A9A2BAE183800A94673 /* Frameworks */,
				FFB13A9B2BAE183800A94673 /* Resources */,
			);
			buildRules = (
			);
			dependencies = (
				FFB13A9F2BAE183800A94673 /* PBXTargetDependency */,
			);
			name = DermaphoneUITests;
			productName = DermaphoneUITests;
			productReference = FFB13A9D2BAE183800A94673 /* DermaphoneUITests.xctest */;
			productType = "com.apple.product-type.bundle.ui-testing";
		};
/* End PBXNativeTarget section */

/* Begin PBXProject section */
		FFB13A752BAE183600A94673 /* Project object */ = {
			isa = PBXProject;
			attributes = {
				BuildIndependentTargetsInParallel = 1;
				LastSwiftUpdateCheck = 1520;
				LastUpgradeCheck = 1520;
				TargetAttributes = {
					FFB13A7C2BAE183600A94673 = {
						CreatedOnToolsVersion = 15.2;
					};
					FFB13A922BAE183800A94673 = {
						CreatedOnToolsVersion = 15.2;
						TestTargetID = FFB13A7C2BAE183600A94673;
					};
					FFB13A9C2BAE183800A94673 = {
						CreatedOnToolsVersion = 15.2;
						TestTargetID = FFB13A7C2BAE183600A94673;
					};
				};
			};
			buildConfigurationList = FFB13A782BAE183600A94673 /* Build configuration list for PBXProject "Dermaphone" */;
			compatibilityVersion = "Xcode 14.0";
			developmentRegion = en;
			hasScannedForEncodings = 0;
			knownRegions = (
				en,
				Base,
			);
			mainGroup = FFB13A742BAE183600A94673;
			productRefGroup = FFB13A7E2BAE183600A94673 /* Products */;
			projectDirPath = "";
			projectRoot = "";
			targets = (
				FFB13A7C2BAE183600A94673 /* Dermaphone */,
				FFB13A922BAE183800A94673 /* DermaphoneTests */,
				FFB13A9C2BAE183800A94673 /* DermaphoneUITests */,
			);
		};
/* End PBXProject section */

/* Begin PBXResourcesBuildPhase section */
		FFB13A7B2BAE183600A94673 /* Resources */ = {
			isa = PBXResourcesBuildPhase;
			buildActionMask = 2147483647;
			files = (
				FF5C1CA92BDFD0D200C097E9 /* testTriangle in Resources */,
				FFF154CB2BBC375700834F38 /* skin2_ao0.png in Resources */,
				FFF154CC2BBC375700834F38 /* skin2.mtl in Resources */,
				FF5C1C922BD320E200C097E9 /* baked_mesh_tex0.png in Resources */,
				FF5C1C902BD320E200C097E9 /* baked_mesh_ao0.png in Resources */,
				FF5C1C972BD3212300C097E9 /* baked_mesh.scn in Resources */,
				FF5C1C942BD320E200C097E9 /* baked_mesh.obj in Resources */,
				FF5C1C842BD3109300C097E9 /* testTransform.scn in Resources */,
				FFB13A8D2BAE183800A94673 /* LaunchScreen.storyboard in Resources */,
				FF5C1CA52BD54B8D00C097E9 /* test2scene.scn in Resources */,
				FF5C1C912BD320E200C097E9 /* baked_mesh_norm0.png in Resources */,
				FFF154CD2BBC375700834F38 /* skin2_tex0.png in Resources */,
				FF5C1C952BD320E200C097E9 /* baked_mesh.usda in Resources */,
				FFC1CEBA2BBB22AA00FD49B7 /* LICENSE.txt in Resources */,
				FF5C1C9F2BD5481C00C097E9 /* skin2Model in Resources */,
				FFF154C82BBC375700834F38 /* skin2.obj in Resources */,
				FF5C1CA32BD54B8500C097E9 /* test2scene.usda in Resources */,
				FFB13A8A2BAE183800A94673 /* Assets.xcassets in Resources */,
				FFF154CF2BBC377D00834F38 /* skin2.scn in Resources */,
				FFB13B412BAF034600A94673 /* testTexture.ahap in Resources */,
				FFB13A882BAE183600A94673 /* Main.storyboard in Resources */,
				FF5C1C932BD320E200C097E9 /* baked_mesh.mtl in Resources */,
				FFF154CA2BBC375700834F38 /* skin2.usda in Resources */,
				FFF154C92BBC375700834F38 /* skin2_norm0.png in Resources */,
				FF5C1C882BD310E400C097E9 /* skin3_tex0.png in Resources */,
			);
			runOnlyForDeploymentPostprocessing = 0;
		};
		FFB13A912BAE183800A94673 /* Resources */ = {
			isa = PBXResourcesBuildPhase;
			buildActionMask = 2147483647;
			files = (
			);
			runOnlyForDeploymentPostprocessing = 0;
		};
		FFB13A9B2BAE183800A94673 /* Resources */ = {
			isa = PBXResourcesBuildPhase;
			buildActionMask = 2147483647;
			files = (
			);
			runOnlyForDeploymentPostprocessing = 0;
		};
/* End PBXResourcesBuildPhase section */

/* Begin PBXSourcesBuildPhase section */
		FFB13A792BAE183600A94673 /* Sources */ = {
			isa = PBXSourcesBuildPhase;
			buildActionMask = 2147483647;
			files = (
				FFC1CEB92BBB22AA00FD49B7 /* TriggerEveryTimer.swift in Sources */,
				FFC1CEBC2BBB22AA00FD49B7 /* ContentView.swift in Sources */,
				FFC1CEAC2BBB22AA00FD49B7 /* CaptureFoldersView.swift in Sources */,
				FFC1CEB52BBB22AA00FD49B7 /* CaptureGalleryView.swift in Sources */,
				FF5C1C7C2BD2FA1000C097E9 /* HapticChart.swift in Sources */,
				FFC1CEBB2BBB22AA00FD49B7 /* CaptureFolderState.swift in Sources */,
				FFC1CEAE2BBB22AA00FD49B7 /* HelpPageView.swift in Sources */,
				FF5C1C822BD2FCBD00C097E9 /* HapticRendering.swift in Sources */,
				FFC1CEAD2BBB22AA00FD49B7 /* CameraPreviewView.swift in Sources */,
				FFB13A852BAE183600A94673 /* ViewController.swift in Sources */,
				FFC1CEB82BBB22AA00FD49B7 /* PhotoCaptureDelegate.swift in Sources */,
				FFF154E02BBC8C3100834F38 /* SkinCondition.swift in Sources */,
				FFC1CEB12BBB22AA00FD49B7 /* TimerView.swift in Sources */,
				FFC1CEB72BBB22AA00FD49B7 /* CaptureInfo.swift in Sources */,
				FF5C1CA72BDF8F1700C097E9 /* modelLocation.swift in Sources */,
				FFF154E22BBC986900834F38 /* skinConditionInfoView.swift in Sources */,
				FF5C1CAD2BE117CA00C097E9 /* NotesView.swift in Sources */,
				FF5C1C992BD43D0900C097E9 /* HapticManager.swift in Sources */,
				FFC1CEB02BBB22AA00FD49B7 /* InfoPanelView.swift in Sources */,
				FFC1CEAA2BBB22AA00FD49B7 /* ImageLoader.swift in Sources */,
				FFC1CEC02BBB292800FD49B7 /* photogrammetryAPI.swift in Sources */,
				FFC1CEB32BBB22AA00FD49B7 /* CaptureSampleApp.swift in Sources */,
				FFB13B432BB1D41500A94673 /* Haptics.swift in Sources */,
				FF5C1CAB2BE026D400C097E9 /* smoothModel.swift in Sources */,
				FFC1CEAF2BBB22AA00FD49B7 /* CameraViewModel.swift in Sources */,
				FFC1CEAB2BBB22AA00FD49B7 /* Capture.swift in Sources */,
				FFC1CEBE2BBB22AA00FD49B7 /* AsyncImageHelpers.swift in Sources */,
				FFB13A812BAE183600A94673 /* AppDelegate.swift in Sources */,
				FF5C1CAF2BE8D18C00C097E9 /* heightMap.swift in Sources */,
				FFB13A832BAE183600A94673 /* SceneDelegate.swift in Sources */,
				FF5C1C7E2BD2FA8E00C097E9 /* HapticDataPoint.swift in Sources */,
				FFC1CEB62BBB22AA00FD49B7 /* CameraView.swift in Sources */,
				FF5C1C7A2BD2F99400C097E9 /* skinModelViewController.swift in Sources */,
			);
			runOnlyForDeploymentPostprocessing = 0;
		};
		FFB13A8F2BAE183800A94673 /* Sources */ = {
			isa = PBXSourcesBuildPhase;
			buildActionMask = 2147483647;
			files = (
				FFB13A982BAE183800A94673 /* DermaphoneTests.swift in Sources */,
			);
			runOnlyForDeploymentPostprocessing = 0;
		};
		FFB13A992BAE183800A94673 /* Sources */ = {
			isa = PBXSourcesBuildPhase;
			buildActionMask = 2147483647;
			files = (
				FFB13AA22BAE183800A94673 /* DermaphoneUITests.swift in Sources */,
				FFB13AA42BAE183800A94673 /* DermaphoneUITestsLaunchTests.swift in Sources */,
			);
			runOnlyForDeploymentPostprocessing = 0;
		};
/* End PBXSourcesBuildPhase section */

/* Begin PBXTargetDependency section */
		FFB13A952BAE183800A94673 /* PBXTargetDependency */ = {
			isa = PBXTargetDependency;
			target = FFB13A7C2BAE183600A94673 /* Dermaphone */;
			targetProxy = FFB13A942BAE183800A94673 /* PBXContainerItemProxy */;
		};
		FFB13A9F2BAE183800A94673 /* PBXTargetDependency */ = {
			isa = PBXTargetDependency;
			target = FFB13A7C2BAE183600A94673 /* Dermaphone */;
			targetProxy = FFB13A9E2BAE183800A94673 /* PBXContainerItemProxy */;
		};
/* End PBXTargetDependency section */

/* Begin PBXVariantGroup section */
		FFB13A862BAE183600A94673 /* Main.storyboard */ = {
			isa = PBXVariantGroup;
			children = (
				FFB13A872BAE183600A94673 /* Base */,
			);
			name = Main.storyboard;
			sourceTree = "<group>";
		};
		FFB13A8B2BAE183800A94673 /* LaunchScreen.storyboard */ = {
			isa = PBXVariantGroup;
			children = (
				FFB13A8C2BAE183800A94673 /* Base */,
			);
			name = LaunchScreen.storyboard;
			sourceTree = "<group>";
		};
/* End PBXVariantGroup section */

/* Begin XCBuildConfiguration section */
		FFB13AA52BAE183800A94673 /* Debug */ = {
			isa = XCBuildConfiguration;
			buildSettings = {
				ALWAYS_SEARCH_USER_PATHS = NO;
				ASSETCATALOG_COMPILER_GENERATE_SWIFT_ASSET_SYMBOL_EXTENSIONS = YES;
				CLANG_ANALYZER_NONNULL = YES;
				CLANG_ANALYZER_NUMBER_OBJECT_CONVERSION = YES_AGGRESSIVE;
				CLANG_CXX_LANGUAGE_STANDARD = "gnu++20";
				CLANG_ENABLE_MODULES = YES;
				CLANG_ENABLE_OBJC_ARC = YES;
				CLANG_ENABLE_OBJC_WEAK = YES;
				CLANG_WARN_BLOCK_CAPTURE_AUTORELEASING = YES;
				CLANG_WARN_BOOL_CONVERSION = YES;
				CLANG_WARN_COMMA = YES;
				CLANG_WARN_CONSTANT_CONVERSION = YES;
				CLANG_WARN_DEPRECATED_OBJC_IMPLEMENTATIONS = YES;
				CLANG_WARN_DIRECT_OBJC_ISA_USAGE = YES_ERROR;
				CLANG_WARN_DOCUMENTATION_COMMENTS = YES;
				CLANG_WARN_EMPTY_BODY = YES;
				CLANG_WARN_ENUM_CONVERSION = YES;
				CLANG_WARN_INFINITE_RECURSION = YES;
				CLANG_WARN_INT_CONVERSION = YES;
				CLANG_WARN_NON_LITERAL_NULL_CONVERSION = YES;
				CLANG_WARN_OBJC_IMPLICIT_RETAIN_SELF = YES;
				CLANG_WARN_OBJC_LITERAL_CONVERSION = YES;
				CLANG_WARN_OBJC_ROOT_CLASS = YES_ERROR;
				CLANG_WARN_QUOTED_INCLUDE_IN_FRAMEWORK_HEADER = YES;
				CLANG_WARN_RANGE_LOOP_ANALYSIS = YES;
				CLANG_WARN_STRICT_PROTOTYPES = YES;
				CLANG_WARN_SUSPICIOUS_MOVE = YES;
				CLANG_WARN_UNGUARDED_AVAILABILITY = YES_AGGRESSIVE;
				CLANG_WARN_UNREACHABLE_CODE = YES;
				CLANG_WARN__DUPLICATE_METHOD_MATCH = YES;
				COPY_PHASE_STRIP = NO;
				DEBUG_INFORMATION_FORMAT = dwarf;
				ENABLE_STRICT_OBJC_MSGSEND = YES;
				ENABLE_TESTABILITY = YES;
				ENABLE_USER_SCRIPT_SANDBOXING = YES;
				GCC_C_LANGUAGE_STANDARD = gnu17;
				GCC_DYNAMIC_NO_PIC = NO;
				GCC_NO_COMMON_BLOCKS = YES;
				GCC_OPTIMIZATION_LEVEL = 0;
				GCC_PREPROCESSOR_DEFINITIONS = (
					"DEBUG=1",
					"$(inherited)",
				);
				GCC_WARN_64_TO_32_BIT_CONVERSION = YES;
				GCC_WARN_ABOUT_RETURN_TYPE = YES_ERROR;
				GCC_WARN_UNDECLARED_SELECTOR = YES;
				GCC_WARN_UNINITIALIZED_AUTOS = YES_AGGRESSIVE;
				GCC_WARN_UNUSED_FUNCTION = YES;
				GCC_WARN_UNUSED_VARIABLE = YES;
				IPHONEOS_DEPLOYMENT_TARGET = 17.2;
				LOCALIZATION_PREFERS_STRING_CATALOGS = YES;
				MTL_ENABLE_DEBUG_INFO = INCLUDE_SOURCE;
				MTL_FAST_MATH = YES;
				ONLY_ACTIVE_ARCH = YES;
				SDKROOT = iphoneos;
				SWIFT_ACTIVE_COMPILATION_CONDITIONS = "DEBUG $(inherited)";
				SWIFT_OPTIMIZATION_LEVEL = "-Onone";
			};
			name = Debug;
		};
		FFB13AA62BAE183800A94673 /* Release */ = {
			isa = XCBuildConfiguration;
			buildSettings = {
				ALWAYS_SEARCH_USER_PATHS = NO;
				ASSETCATALOG_COMPILER_GENERATE_SWIFT_ASSET_SYMBOL_EXTENSIONS = YES;
				CLANG_ANALYZER_NONNULL = YES;
				CLANG_ANALYZER_NUMBER_OBJECT_CONVERSION = YES_AGGRESSIVE;
				CLANG_CXX_LANGUAGE_STANDARD = "gnu++20";
				CLANG_ENABLE_MODULES = YES;
				CLANG_ENABLE_OBJC_ARC = YES;
				CLANG_ENABLE_OBJC_WEAK = YES;
				CLANG_WARN_BLOCK_CAPTURE_AUTORELEASING = YES;
				CLANG_WARN_BOOL_CONVERSION = YES;
				CLANG_WARN_COMMA = YES;
				CLANG_WARN_CONSTANT_CONVERSION = YES;
				CLANG_WARN_DEPRECATED_OBJC_IMPLEMENTATIONS = YES;
				CLANG_WARN_DIRECT_OBJC_ISA_USAGE = YES_ERROR;
				CLANG_WARN_DOCUMENTATION_COMMENTS = YES;
				CLANG_WARN_EMPTY_BODY = YES;
				CLANG_WARN_ENUM_CONVERSION = YES;
				CLANG_WARN_INFINITE_RECURSION = YES;
				CLANG_WARN_INT_CONVERSION = YES;
				CLANG_WARN_NON_LITERAL_NULL_CONVERSION = YES;
				CLANG_WARN_OBJC_IMPLICIT_RETAIN_SELF = YES;
				CLANG_WARN_OBJC_LITERAL_CONVERSION = YES;
				CLANG_WARN_OBJC_ROOT_CLASS = YES_ERROR;
				CLANG_WARN_QUOTED_INCLUDE_IN_FRAMEWORK_HEADER = YES;
				CLANG_WARN_RANGE_LOOP_ANALYSIS = YES;
				CLANG_WARN_STRICT_PROTOTYPES = YES;
				CLANG_WARN_SUSPICIOUS_MOVE = YES;
				CLANG_WARN_UNGUARDED_AVAILABILITY = YES_AGGRESSIVE;
				CLANG_WARN_UNREACHABLE_CODE = YES;
				CLANG_WARN__DUPLICATE_METHOD_MATCH = YES;
				COPY_PHASE_STRIP = NO;
				DEBUG_INFORMATION_FORMAT = "dwarf-with-dsym";
				ENABLE_NS_ASSERTIONS = NO;
				ENABLE_STRICT_OBJC_MSGSEND = YES;
				ENABLE_USER_SCRIPT_SANDBOXING = YES;
				GCC_C_LANGUAGE_STANDARD = gnu17;
				GCC_NO_COMMON_BLOCKS = YES;
				GCC_WARN_64_TO_32_BIT_CONVERSION = YES;
				GCC_WARN_ABOUT_RETURN_TYPE = YES_ERROR;
				GCC_WARN_UNDECLARED_SELECTOR = YES;
				GCC_WARN_UNINITIALIZED_AUTOS = YES_AGGRESSIVE;
				GCC_WARN_UNUSED_FUNCTION = YES;
				GCC_WARN_UNUSED_VARIABLE = YES;
				IPHONEOS_DEPLOYMENT_TARGET = 17.2;
				LOCALIZATION_PREFERS_STRING_CATALOGS = YES;
				MTL_ENABLE_DEBUG_INFO = NO;
				MTL_FAST_MATH = YES;
				SDKROOT = iphoneos;
				SWIFT_COMPILATION_MODE = wholemodule;
				VALIDATE_PRODUCT = YES;
			};
			name = Release;
		};
		FFB13AA82BAE183800A94673 /* Debug */ = {
			isa = XCBuildConfiguration;
			buildSettings = {
				ASSETCATALOG_COMPILER_APPICON_NAME = AppIcon;
				ASSETCATALOG_COMPILER_GLOBAL_ACCENT_COLOR_NAME = AccentColor;
				CODE_SIGN_STYLE = Automatic;
				CURRENT_PROJECT_VERSION = 1;
				DEVELOPMENT_TEAM = F34XM8L997;
				GENERATE_INFOPLIST_FILE = YES;
				INFOPLIST_FILE = Dermaphone/Info.plist;
				INFOPLIST_KEY_UIApplicationSupportsIndirectInputEvents = YES;
				INFOPLIST_KEY_UILaunchStoryboardName = LaunchScreen;
				INFOPLIST_KEY_UIMainStoryboardFile = Main;
				INFOPLIST_KEY_UISupportedInterfaceOrientations_iPad = "UIInterfaceOrientationPortrait UIInterfaceOrientationPortraitUpsideDown UIInterfaceOrientationLandscapeLeft UIInterfaceOrientationLandscapeRight";
				INFOPLIST_KEY_UISupportedInterfaceOrientations_iPhone = "UIInterfaceOrientationPortrait UIInterfaceOrientationLandscapeLeft UIInterfaceOrientationLandscapeRight";
				IPHONEOS_DEPLOYMENT_TARGET = 17.0;
				LD_RUNPATH_SEARCH_PATHS = (
					"$(inherited)",
					"@executable_path/Frameworks",
				);
				MARKETING_VERSION = 1.0;
				PRODUCT_BUNDLE_IDENTIFIER = test.Dermaphone;
				PRODUCT_NAME = "$(TARGET_NAME)";
				SWIFT_EMIT_LOC_STRINGS = YES;
				SWIFT_VERSION = 5.0;
				TARGETED_DEVICE_FAMILY = "1,2";
			};
			name = Debug;
		};
		FFB13AA92BAE183800A94673 /* Release */ = {
			isa = XCBuildConfiguration;
			buildSettings = {
				ASSETCATALOG_COMPILER_APPICON_NAME = AppIcon;
				ASSETCATALOG_COMPILER_GLOBAL_ACCENT_COLOR_NAME = AccentColor;
				CODE_SIGN_STYLE = Automatic;
				CURRENT_PROJECT_VERSION = 1;
				DEVELOPMENT_TEAM = F34XM8L997;
				GENERATE_INFOPLIST_FILE = YES;
				INFOPLIST_FILE = Dermaphone/Info.plist;
				INFOPLIST_KEY_UIApplicationSupportsIndirectInputEvents = YES;
				INFOPLIST_KEY_UILaunchStoryboardName = LaunchScreen;
				INFOPLIST_KEY_UIMainStoryboardFile = Main;
				INFOPLIST_KEY_UISupportedInterfaceOrientations_iPad = "UIInterfaceOrientationPortrait UIInterfaceOrientationPortraitUpsideDown UIInterfaceOrientationLandscapeLeft UIInterfaceOrientationLandscapeRight";
				INFOPLIST_KEY_UISupportedInterfaceOrientations_iPhone = "UIInterfaceOrientationPortrait UIInterfaceOrientationLandscapeLeft UIInterfaceOrientationLandscapeRight";
				IPHONEOS_DEPLOYMENT_TARGET = 17.0;
				LD_RUNPATH_SEARCH_PATHS = (
					"$(inherited)",
					"@executable_path/Frameworks",
				);
				MARKETING_VERSION = 1.0;
				PRODUCT_BUNDLE_IDENTIFIER = test.Dermaphone;
				PRODUCT_NAME = "$(TARGET_NAME)";
				SWIFT_EMIT_LOC_STRINGS = YES;
				SWIFT_VERSION = 5.0;
				TARGETED_DEVICE_FAMILY = "1,2";
			};
			name = Release;
		};
		FFB13AAB2BAE183800A94673 /* Debug */ = {
			isa = XCBuildConfiguration;
			buildSettings = {
				ALWAYS_EMBED_SWIFT_STANDARD_LIBRARIES = YES;
				BUNDLE_LOADER = "$(TEST_HOST)";
				CODE_SIGN_STYLE = Automatic;
				CURRENT_PROJECT_VERSION = 1;
				DEVELOPMENT_TEAM = F34XM8L997;
				GENERATE_INFOPLIST_FILE = YES;
				IPHONEOS_DEPLOYMENT_TARGET = 17.2;
				MARKETING_VERSION = 1.0;
				PRODUCT_BUNDLE_IDENTIFIER = test.DermaphoneTests;
				PRODUCT_NAME = "$(TARGET_NAME)";
				SWIFT_EMIT_LOC_STRINGS = NO;
				SWIFT_VERSION = 5.0;
				TARGETED_DEVICE_FAMILY = "1,2";
				TEST_HOST = "$(BUILT_PRODUCTS_DIR)/Dermaphone.app/$(BUNDLE_EXECUTABLE_FOLDER_PATH)/Dermaphone";
			};
			name = Debug;
		};
		FFB13AAC2BAE183800A94673 /* Release */ = {
			isa = XCBuildConfiguration;
			buildSettings = {
				ALWAYS_EMBED_SWIFT_STANDARD_LIBRARIES = YES;
				BUNDLE_LOADER = "$(TEST_HOST)";
				CODE_SIGN_STYLE = Automatic;
				CURRENT_PROJECT_VERSION = 1;
				DEVELOPMENT_TEAM = F34XM8L997;
				GENERATE_INFOPLIST_FILE = YES;
				IPHONEOS_DEPLOYMENT_TARGET = 17.2;
				MARKETING_VERSION = 1.0;
				PRODUCT_BUNDLE_IDENTIFIER = test.DermaphoneTests;
				PRODUCT_NAME = "$(TARGET_NAME)";
				SWIFT_EMIT_LOC_STRINGS = NO;
				SWIFT_VERSION = 5.0;
				TARGETED_DEVICE_FAMILY = "1,2";
				TEST_HOST = "$(BUILT_PRODUCTS_DIR)/Dermaphone.app/$(BUNDLE_EXECUTABLE_FOLDER_PATH)/Dermaphone";
			};
			name = Release;
		};
		FFB13AAE2BAE183800A94673 /* Debug */ = {
			isa = XCBuildConfiguration;
			buildSettings = {
				ALWAYS_EMBED_SWIFT_STANDARD_LIBRARIES = YES;
				CODE_SIGN_STYLE = Automatic;
				CURRENT_PROJECT_VERSION = 1;
				DEVELOPMENT_TEAM = F34XM8L997;
				GENERATE_INFOPLIST_FILE = YES;
				MARKETING_VERSION = 1.0;
				PRODUCT_BUNDLE_IDENTIFIER = test.DermaphoneUITests;
				PRODUCT_NAME = "$(TARGET_NAME)";
				SWIFT_EMIT_LOC_STRINGS = NO;
				SWIFT_VERSION = 5.0;
				TARGETED_DEVICE_FAMILY = "1,2";
				TEST_TARGET_NAME = Dermaphone;
			};
			name = Debug;
		};
		FFB13AAF2BAE183800A94673 /* Release */ = {
			isa = XCBuildConfiguration;
			buildSettings = {
				ALWAYS_EMBED_SWIFT_STANDARD_LIBRARIES = YES;
				CODE_SIGN_STYLE = Automatic;
				CURRENT_PROJECT_VERSION = 1;
				DEVELOPMENT_TEAM = F34XM8L997;
				GENERATE_INFOPLIST_FILE = YES;
				MARKETING_VERSION = 1.0;
				PRODUCT_BUNDLE_IDENTIFIER = test.DermaphoneUITests;
				PRODUCT_NAME = "$(TARGET_NAME)";
				SWIFT_EMIT_LOC_STRINGS = NO;
				SWIFT_VERSION = 5.0;
				TARGETED_DEVICE_FAMILY = "1,2";
				TEST_TARGET_NAME = Dermaphone;
			};
			name = Release;
		};
/* End XCBuildConfiguration section */

/* Begin XCConfigurationList section */
		FFB13A782BAE183600A94673 /* Build configuration list for PBXProject "Dermaphone" */ = {
			isa = XCConfigurationList;
			buildConfigurations = (
				FFB13AA52BAE183800A94673 /* Debug */,
				FFB13AA62BAE183800A94673 /* Release */,
			);
			defaultConfigurationIsVisible = 0;
			defaultConfigurationName = Release;
		};
		FFB13AA72BAE183800A94673 /* Build configuration list for PBXNativeTarget "Dermaphone" */ = {
			isa = XCConfigurationList;
			buildConfigurations = (
				FFB13AA82BAE183800A94673 /* Debug */,
				FFB13AA92BAE183800A94673 /* Release */,
			);
			defaultConfigurationIsVisible = 0;
			defaultConfigurationName = Release;
		};
		FFB13AAA2BAE183800A94673 /* Build configuration list for PBXNativeTarget "DermaphoneTests" */ = {
			isa = XCConfigurationList;
			buildConfigurations = (
				FFB13AAB2BAE183800A94673 /* Debug */,
				FFB13AAC2BAE183800A94673 /* Release */,
			);
			defaultConfigurationIsVisible = 0;
			defaultConfigurationName = Release;
		};
		FFB13AAD2BAE183800A94673 /* Build configuration list for PBXNativeTarget "DermaphoneUITests" */ = {
			isa = XCConfigurationList;
			buildConfigurations = (
				FFB13AAE2BAE183800A94673 /* Debug */,
				FFB13AAF2BAE183800A94673 /* Release */,
			);
			defaultConfigurationIsVisible = 0;
			defaultConfigurationName = Release;
		};
/* End XCConfigurationList section */
	};
	rootObject = FFB13A752BAE183600A94673 /* Project object */;
}
